// !$*UTF8*$!
{
	archiveVersion = 1;
	classes = {
	};
	objectVersion = 56;
	objects = {

/* Begin PBXBuildFile section */
		3702F4C92C0CE0BE00547E78 /* GoogleService-Info.plist in Resources */ = {isa = PBXBuildFile; fileRef = 3702F4C82C0CE0BE00547E78 /* GoogleService-Info.plist */; };
		3702F4CD2C0CE7A600547E78 /* LoginFlowCoordinator.swift in Sources */ = {isa = PBXBuildFile; fileRef = 3702F4CC2C0CE7A600547E78 /* LoginFlowCoordinator.swift */; };
		375B5A742C1F260500572622 /* ImagesDownloadManager.swift in Sources */ = {isa = PBXBuildFile; fileRef = 375B5A732C1F260500572622 /* ImagesDownloadManager.swift */; };
		378CFAE32C26E472002670E5 /* LoginViewStore.swift in Sources */ = {isa = PBXBuildFile; fileRef = 378CFAE22C26E472002670E5 /* LoginViewStore.swift */; };
		378CFAE52C27073C002670E5 /* HostingControllerHidesTabBar.swift in Sources */ = {isa = PBXBuildFile; fileRef = 378CFAE42C27073C002670E5 /* HostingControllerHidesTabBar.swift */; };
		37902C172C1B62EA0017309E /* JokeService.swift in Sources */ = {isa = PBXBuildFile; fileRef = 37902C162C1B62EA0017309E /* JokeService.swift */; };
		37902C192C1B634A0017309E /* ApiManager.swift in Sources */ = {isa = PBXBuildFile; fileRef = 37902C182C1B634A0017309E /* ApiManager.swift */; };
		37902C1B2C1B63920017309E /* FirebaseStoreManager.swift in Sources */ = {isa = PBXBuildFile; fileRef = 37902C1A2C1B63920017309E /* FirebaseStoreManager.swift */; };
		37902C1D2C1B63B60017309E /* FirebaseAuthManager.swift in Sources */ = {isa = PBXBuildFile; fileRef = 37902C1C2C1B63B60017309E /* FirebaseAuthManager.swift */; };
		37902C1F2C1B64090017309E /* Credentials.swift in Sources */ = {isa = PBXBuildFile; fileRef = 37902C1E2C1B64090017309E /* Credentials.swift */; };
		37902C212C1B64280017309E /* JokeResponse.swift in Sources */ = {isa = PBXBuildFile; fileRef = 37902C202C1B64280017309E /* JokeResponse.swift */; };
		37902C232C1B64540017309E /* JokesRouter.swift in Sources */ = {isa = PBXBuildFile; fileRef = 37902C222C1B64540017309E /* JokesRouter.swift */; };
		37902C252C1B64620017309E /* ImagesRouter.swift in Sources */ = {isa = PBXBuildFile; fileRef = 37902C242C1B64620017309E /* ImagesRouter.swift */; };
		37902C272C1B650B0017309E /* Endpoint.swift in Sources */ = {isa = PBXBuildFile; fileRef = 37902C262C1B650B0017309E /* Endpoint.swift */; };
		37902C292C1B65380017309E /* HTTPHeader.swift in Sources */ = {isa = PBXBuildFile; fileRef = 37902C282C1B65380017309E /* HTTPHeader.swift */; };
		37902C2B2C1B65990017309E /* NetworkingError.swift in Sources */ = {isa = PBXBuildFile; fileRef = 37902C2A2C1B65990017309E /* NetworkingError.swift */; };
		37902C2D2C1B65B30017309E /* HTTPMethod.swift in Sources */ = {isa = PBXBuildFile; fileRef = 37902C2C2C1B65B30017309E /* HTTPMethod.swift */; };
		37902C2F2C1B77CA0017309E /* HomeViewStore.swift in Sources */ = {isa = PBXBuildFile; fileRef = 37902C2E2C1B77CA0017309E /* HomeViewStore.swift */; };
		37BAD16F2C25DA8D00023B40 /* SwipingViewStore.swift in Sources */ = {isa = PBXBuildFile; fileRef = 37BAD16E2C25DA8D00023B40 /* SwipingViewStore.swift */; };
		37BAD1712C25DAD200023B40 /* SwipingViewState.swift in Sources */ = {isa = PBXBuildFile; fileRef = 37BAD1702C25DAD200023B40 /* SwipingViewState.swift */; };
		37BAD1732C25DB0600023B40 /* SwipingViewEvent.swift in Sources */ = {isa = PBXBuildFile; fileRef = 37BAD1722C25DB0600023B40 /* SwipingViewEvent.swift */; };
		37BAD1752C25DB7F00023B40 /* SwipingViewAction.swift in Sources */ = {isa = PBXBuildFile; fileRef = 37BAD1742C25DB7F00023B40 /* SwipingViewAction.swift */; };
		37BAD17A2C25E35300023B40 /* CancellablesContaining.swift in Sources */ = {isa = PBXBuildFile; fileRef = 37BAD1792C25E35300023B40 /* CancellablesContaining.swift */; };
		37BAD17C2C25E39900023B40 /* SwipingViewFactory.swift in Sources */ = {isa = PBXBuildFile; fileRef = 37BAD17B2C25E39900023B40 /* SwipingViewFactory.swift */; };
		37BAD17E2C25E48500023B40 /* HomeNavigationCoordinator.swift in Sources */ = {isa = PBXBuildFile; fileRef = 37BAD17D2C25E48500023B40 /* HomeNavigationCoordinator.swift */; };
		37BAD1802C25E9E400023B40 /* Store.swift in Sources */ = {isa = PBXBuildFile; fileRef = 37BAD17F2C25E9E400023B40 /* Store.swift */; };
		37BAD1852C25ECA100023B40 /* ManagerRegistration.swift in Sources */ = {isa = PBXBuildFile; fileRef = 37BAD1822C25ECA100023B40 /* ManagerRegistration.swift */; };
		37BAD1862C25ECA100023B40 /* StoreRegistration.swift in Sources */ = {isa = PBXBuildFile; fileRef = 37BAD1832C25ECA100023B40 /* StoreRegistration.swift */; };
		37BAD1872C25ECA100023B40 /* ServiceRegistration.swift in Sources */ = {isa = PBXBuildFile; fileRef = 37BAD1842C25ECA100023B40 /* ServiceRegistration.swift */; };
		37BAD18C2C26034700023B40 /* DependencyInjection in Frameworks */ = {isa = PBXBuildFile; productRef = 37BAD18B2C26034700023B40 /* DependencyInjection */; };
		37BAD1982C26061E00023B40 /* KeychainAccess in Frameworks */ = {isa = PBXBuildFile; productRef = 37BAD1972C26061E00023B40 /* KeychainAccess */; };
		37BAD19E2C2607F900023B40 /* FirebaseAuth in Frameworks */ = {isa = PBXBuildFile; productRef = 37BAD19D2C2607F900023B40 /* FirebaseAuth */; };
		37BAD1A02C2607F900023B40 /* FirebaseAuthCombine-Community in Frameworks */ = {isa = PBXBuildFile; productRef = 37BAD19F2C2607F900023B40 /* FirebaseAuthCombine-Community */; };
		37BAD1A22C2607F900023B40 /* FirebaseFirestore in Frameworks */ = {isa = PBXBuildFile; productRef = 37BAD1A12C2607F900023B40 /* FirebaseFirestore */; };
		37BAD1A42C2607F900023B40 /* FirebaseFirestoreCombine-Community in Frameworks */ = {isa = PBXBuildFile; productRef = 37BAD1A32C2607F900023B40 /* FirebaseFirestoreCombine-Community */; };
		37BAD1A62C2607F900023B40 /* FirebaseFirestoreSwift in Frameworks */ = {isa = PBXBuildFile; productRef = 37BAD1A52C2607F900023B40 /* FirebaseFirestoreSwift */; };
		AA1858442C0C7F3E006F84E4 /* InputView.swift in Sources */ = {isa = PBXBuildFile; fileRef = AA1858432C0C7F3E006F84E4 /* InputView.swift */; };
		AA1858462C0C7FB7006F84E4 /* LoginView.swift in Sources */ = {isa = PBXBuildFile; fileRef = AA1858452C0C7FB7006F84E4 /* LoginView.swift */; };
		AA2007002BF29A5F001FFD10 /* MockDataProvider.swift in Sources */ = {isa = PBXBuildFile; fileRef = AA2006FF2BF29A5F001FFD10 /* MockDataProvider.swift */; };
		AA2C98522BFA13BB00B28911 /* SwipingView.swift in Sources */ = {isa = PBXBuildFile; fileRef = AA2C98512BFA13BB00B28911 /* SwipingView.swift */; };
		AA2C98542BFA18CD00B28911 /* SwipingCard.swift in Sources */ = {isa = PBXBuildFile; fileRef = AA2C98532BFA18CD00B28911 /* SwipingCard.swift */; };
		AA2C98562BFBED8900B28911 /* ScratchView.swift in Sources */ = {isa = PBXBuildFile; fileRef = AA2C98552BFBED8900B28911 /* ScratchView.swift */; };
		AA35932A2BF35CCB0043B663 /* LabelCollectionViewCell.swift in Sources */ = {isa = PBXBuildFile; fileRef = AA3593292BF35CCB0043B663 /* LabelCollectionViewCell.swift */; };
		AA35932D2BF361D80043B663 /* UICollectionView+ReusableIdentifier.swift in Sources */ = {isa = PBXBuildFile; fileRef = AA35932C2BF361D80043B663 /* UICollectionView+ReusableIdentifier.swift */; };
		AA35932F2BF3777F0043B663 /* ReusableIdentifier.swift in Sources */ = {isa = PBXBuildFile; fileRef = AA35932E2BF3777F0043B663 /* ReusableIdentifier.swift */; };
		AA3BCAFD2BFDCB7100334E82 /* Futura-Bold-Italic-font.ttf in Resources */ = {isa = PBXBuildFile; fileRef = AA3BCAFC2BFD3D1B00334E82 /* Futura-Bold-Italic-font.ttf */; };
		AA42FA132BED1CE20001BCE9 /* Course_AppUITests.swift in Sources */ = {isa = PBXBuildFile; fileRef = AA42FA122BED1CE20001BCE9 /* Course_AppUITests.swift */; };
		AA42FA152BED1CE20001BCE9 /* Course_AppUITestsLaunchTests.swift in Sources */ = {isa = PBXBuildFile; fileRef = AA42FA142BED1CE20001BCE9 /* Course_AppUITestsLaunchTests.swift */; };
		AA42FA222BED1D110001BCE9 /* Course_Tests.swift in Sources */ = {isa = PBXBuildFile; fileRef = AA42FA212BED1D110001BCE9 /* Course_Tests.swift */; };
		AA4F36FA2BF250C0006A6D2F /* Colors.xcassets in Resources */ = {isa = PBXBuildFile; fileRef = AA4F36F92BF250C0006A6D2F /* Colors.xcassets */; };
		AA4F36FD2BF25261006A6D2F /* HomeViewController.swift in Sources */ = {isa = PBXBuildFile; fileRef = AA4F36FB2BF25261006A6D2F /* HomeViewController.swift */; };
		AA4F36FE2BF25261006A6D2F /* HomeViewController.xib in Resources */ = {isa = PBXBuildFile; fileRef = AA4F36FC2BF25261006A6D2F /* HomeViewController.xib */; };
		AA6275B12BEFE1B800646C3E /* Configuration.swift in Sources */ = {isa = PBXBuildFile; fileRef = AA6275B02BEFE1B800646C3E /* Configuration.swift */; };
		AA7B65962C275B7400503A6B /* TestModule in Frameworks */ = {isa = PBXBuildFile; productRef = AA7B65952C275B7400503A6B /* TestModule */; };
		AA7B659A2C2772A700503A6B /* SelectableButtonStyle.swift in Sources */ = {isa = PBXBuildFile; fileRef = AA7B65992C2772A700503A6B /* SelectableButtonStyle.swift */; };
		AA7CF9A62BF3ACB9001B2E1B /* ImageCollectionViewCell.swift in Sources */ = {isa = PBXBuildFile; fileRef = AA7CF9A52BF3ACB9001B2E1B /* ImageCollectionViewCell.swift */; };
		AA82E1502BFCD6C900B0A1C3 /* MainTabBarController.swift in Sources */ = {isa = PBXBuildFile; fileRef = AA82E14F2BFCD6C900B0A1C3 /* MainTabBarController.swift */; };
		AA9180572C03539D00B3D5A0 /* EventEmittier.swift in Sources */ = {isa = PBXBuildFile; fileRef = AA9180562C03539D00B3D5A0 /* EventEmittier.swift */; };
		AA9180592C03BAD600B3D5A0 /* ProfileNavigationCoordinator.swift in Sources */ = {isa = PBXBuildFile; fileRef = AA9180582C03BAD600B3D5A0 /* ProfileNavigationCoordinator.swift */; };
		AA91805B2C03BB1A00B3D5A0 /* ProfileView.swift in Sources */ = {isa = PBXBuildFile; fileRef = AA91805A2C03BB1A00B3D5A0 /* ProfileView.swift */; };
		AA9556682BDBC46200E8FE28 /* Course_AppApp.swift in Sources */ = {isa = PBXBuildFile; fileRef = AA9556672BDBC46200E8FE28 /* Course_AppApp.swift */; };
		AA95566A2BDBC46200E8FE28 /* ContentView.swift in Sources */ = {isa = PBXBuildFile; fileRef = AA9556692BDBC46200E8FE28 /* ContentView.swift */; };
		AA95566C2BDBC46200E8FE28 /* Images.xcassets in Resources */ = {isa = PBXBuildFile; fileRef = AA95566B2BDBC46200E8FE28 /* Images.xcassets */; };
		AA95566F2BDBC46200E8FE28 /* Preview Assets.xcassets in Resources */ = {isa = PBXBuildFile; fileRef = AA95566E2BDBC46200E8FE28 /* Preview Assets.xcassets */; };
		AAAF835F2BF3D4A9006333F4 /* HorizontalCollectionCollectionViewCell.swift in Sources */ = {isa = PBXBuildFile; fileRef = AAAF835E2BF3D4A9006333F4 /* HorizontalCollectionCollectionViewCell.swift */; };
		AACAED6E2BF20F9500DAE915 /* Poppins-Bold.ttf in Resources */ = {isa = PBXBuildFile; fileRef = AACAED6B2BF20F9500DAE915 /* Poppins-Bold.ttf */; };
		AACAED6F2BF20F9500DAE915 /* Poppins-Regular.ttf in Resources */ = {isa = PBXBuildFile; fileRef = AACAED6C2BF20F9500DAE915 /* Poppins-Regular.ttf */; };
		AACAED702BF20F9500DAE915 /* Poppins-MediumItalic.ttf in Resources */ = {isa = PBXBuildFile; fileRef = AACAED6D2BF20F9500DAE915 /* Poppins-MediumItalic.ttf */; };
		AAE1C1672C0E64A400649296 /* KeychainManager.swift in Sources */ = {isa = PBXBuildFile; fileRef = AAE1C1662C0E64A400649296 /* KeychainManager.swift */; };
		AAE1C16B2C0E6B8C00649296 /* CustomError.swift in Sources */ = {isa = PBXBuildFile; fileRef = AAE1C16A2C0E6B8C00649296 /* CustomError.swift */; };
		AAF116962C00EF6E002B1312 /* HeaderView.swift in Sources */ = {isa = PBXBuildFile; fileRef = AAF116952C00EF6E002B1312 /* HeaderView.swift */; };
		AAF116992C0119A1002B1312 /* Coordinator.swift in Sources */ = {isa = PBXBuildFile; fileRef = AAF116982C0119A1002B1312 /* Coordinator.swift */; };
		AAF1169B2C011ADF002B1312 /* ViewControllerCoordinator.swift in Sources */ = {isa = PBXBuildFile; fileRef = AAF1169A2C011ADF002B1312 /* ViewControllerCoordinator.swift */; };
		AAF1169D2C011C39002B1312 /* MainTabBarCoordinator.swift in Sources */ = {isa = PBXBuildFile; fileRef = AAF1169C2C011C39002B1312 /* MainTabBarCoordinator.swift */; };
		AAF1169F2C01240B002B1312 /* CoordinatorView.swift in Sources */ = {isa = PBXBuildFile; fileRef = AAF1169E2C01240B002B1312 /* CoordinatorView.swift */; };
		AAF116A12C012A18002B1312 /* AppCoordinator.swift in Sources */ = {isa = PBXBuildFile; fileRef = AAF116A02C012A18002B1312 /* AppCoordinator.swift */; };
		AAF116A32C01DAFA002B1312 /* OnboardingView.swift in Sources */ = {isa = PBXBuildFile; fileRef = AAF116A22C01DAFA002B1312 /* OnboardingView.swift */; };
		AAF116A52C01DB65002B1312 /* OnboardingNavigationCoordinator.swift in Sources */ = {isa = PBXBuildFile; fileRef = AAF116A42C01DB65002B1312 /* OnboardingNavigationCoordinator.swift */; };
		AAF116A72C01DB85002B1312 /* SwipingNavigationCoordinator.swift in Sources */ = {isa = PBXBuildFile; fileRef = AAF116A62C01DB85002B1312 /* SwipingNavigationCoordinator.swift */; };
		AAF116A92C01DFDA002B1312 /* CustomNavigationController.swift in Sources */ = {isa = PBXBuildFile; fileRef = AAF116A82C01DFDA002B1312 /* CustomNavigationController.swift */; };
/* End PBXBuildFile section */

/* Begin PBXContainerItemProxy section */
		AA42FA162BED1CE20001BCE9 /* PBXContainerItemProxy */ = {
			isa = PBXContainerItemProxy;
			containerPortal = AA95565C2BDBC46200E8FE28 /* Project object */;
			proxyType = 1;
			remoteGlobalIDString = AA9556632BDBC46200E8FE28;
			remoteInfo = "Course App";
		};
		AA42FA232BED1D110001BCE9 /* PBXContainerItemProxy */ = {
			isa = PBXContainerItemProxy;
			containerPortal = AA95565C2BDBC46200E8FE28 /* Project object */;
			proxyType = 1;
			remoteGlobalIDString = AA9556632BDBC46200E8FE28;
			remoteInfo = "Course App";
		};
/* End PBXContainerItemProxy section */

/* Begin PBXFileReference section */
		3702F4C82C0CE0BE00547E78 /* GoogleService-Info.plist */ = {isa = PBXFileReference; fileEncoding = 4; lastKnownFileType = text.plist.xml; path = "GoogleService-Info.plist"; sourceTree = "<group>"; };
		3702F4CC2C0CE7A600547E78 /* LoginFlowCoordinator.swift */ = {isa = PBXFileReference; lastKnownFileType = sourcecode.swift; path = LoginFlowCoordinator.swift; sourceTree = "<group>"; };
		375B5A732C1F260500572622 /* ImagesDownloadManager.swift */ = {isa = PBXFileReference; lastKnownFileType = sourcecode.swift; path = ImagesDownloadManager.swift; sourceTree = "<group>"; };
		378CFAE22C26E472002670E5 /* LoginViewStore.swift */ = {isa = PBXFileReference; lastKnownFileType = sourcecode.swift; path = LoginViewStore.swift; sourceTree = "<group>"; };
		378CFAE42C27073C002670E5 /* HostingControllerHidesTabBar.swift */ = {isa = PBXFileReference; lastKnownFileType = sourcecode.swift; path = HostingControllerHidesTabBar.swift; sourceTree = "<group>"; };
		37902C162C1B62EA0017309E /* JokeService.swift */ = {isa = PBXFileReference; lastKnownFileType = sourcecode.swift; path = JokeService.swift; sourceTree = "<group>"; };
		37902C182C1B634A0017309E /* ApiManager.swift */ = {isa = PBXFileReference; lastKnownFileType = sourcecode.swift; path = ApiManager.swift; sourceTree = "<group>"; };
		37902C1A2C1B63920017309E /* FirebaseStoreManager.swift */ = {isa = PBXFileReference; lastKnownFileType = sourcecode.swift; path = FirebaseStoreManager.swift; sourceTree = "<group>"; };
		37902C1C2C1B63B60017309E /* FirebaseAuthManager.swift */ = {isa = PBXFileReference; lastKnownFileType = sourcecode.swift; path = FirebaseAuthManager.swift; sourceTree = "<group>"; };
		37902C1E2C1B64090017309E /* Credentials.swift */ = {isa = PBXFileReference; lastKnownFileType = sourcecode.swift; path = Credentials.swift; sourceTree = "<group>"; };
		37902C202C1B64280017309E /* JokeResponse.swift */ = {isa = PBXFileReference; lastKnownFileType = sourcecode.swift; path = JokeResponse.swift; sourceTree = "<group>"; };
		37902C222C1B64540017309E /* JokesRouter.swift */ = {isa = PBXFileReference; lastKnownFileType = sourcecode.swift; path = JokesRouter.swift; sourceTree = "<group>"; };
		37902C242C1B64620017309E /* ImagesRouter.swift */ = {isa = PBXFileReference; lastKnownFileType = sourcecode.swift; path = ImagesRouter.swift; sourceTree = "<group>"; };
		37902C262C1B650B0017309E /* Endpoint.swift */ = {isa = PBXFileReference; lastKnownFileType = sourcecode.swift; path = Endpoint.swift; sourceTree = "<group>"; };
		37902C282C1B65380017309E /* HTTPHeader.swift */ = {isa = PBXFileReference; lastKnownFileType = sourcecode.swift; path = HTTPHeader.swift; sourceTree = "<group>"; };
		37902C2A2C1B65990017309E /* NetworkingError.swift */ = {isa = PBXFileReference; lastKnownFileType = sourcecode.swift; path = NetworkingError.swift; sourceTree = "<group>"; };
		37902C2C2C1B65B30017309E /* HTTPMethod.swift */ = {isa = PBXFileReference; lastKnownFileType = sourcecode.swift; path = HTTPMethod.swift; sourceTree = "<group>"; };
		37902C2E2C1B77CA0017309E /* HomeViewStore.swift */ = {isa = PBXFileReference; lastKnownFileType = sourcecode.swift; path = HomeViewStore.swift; sourceTree = "<group>"; };
		37BAD16E2C25DA8D00023B40 /* SwipingViewStore.swift */ = {isa = PBXFileReference; lastKnownFileType = sourcecode.swift; path = SwipingViewStore.swift; sourceTree = "<group>"; };
		37BAD1702C25DAD200023B40 /* SwipingViewState.swift */ = {isa = PBXFileReference; lastKnownFileType = sourcecode.swift; path = SwipingViewState.swift; sourceTree = "<group>"; };
		37BAD1722C25DB0600023B40 /* SwipingViewEvent.swift */ = {isa = PBXFileReference; lastKnownFileType = sourcecode.swift; path = SwipingViewEvent.swift; sourceTree = "<group>"; };
		37BAD1742C25DB7F00023B40 /* SwipingViewAction.swift */ = {isa = PBXFileReference; lastKnownFileType = sourcecode.swift; path = SwipingViewAction.swift; sourceTree = "<group>"; };
		37BAD1792C25E35300023B40 /* CancellablesContaining.swift */ = {isa = PBXFileReference; lastKnownFileType = sourcecode.swift; path = CancellablesContaining.swift; sourceTree = "<group>"; };
		37BAD17B2C25E39900023B40 /* SwipingViewFactory.swift */ = {isa = PBXFileReference; lastKnownFileType = sourcecode.swift; path = SwipingViewFactory.swift; sourceTree = "<group>"; };
		37BAD17D2C25E48500023B40 /* HomeNavigationCoordinator.swift */ = {isa = PBXFileReference; lastKnownFileType = sourcecode.swift; path = HomeNavigationCoordinator.swift; sourceTree = "<group>"; };
		37BAD17F2C25E9E400023B40 /* Store.swift */ = {isa = PBXFileReference; lastKnownFileType = sourcecode.swift; path = Store.swift; sourceTree = "<group>"; };
		37BAD1822C25ECA100023B40 /* ManagerRegistration.swift */ = {isa = PBXFileReference; fileEncoding = 4; lastKnownFileType = sourcecode.swift; path = ManagerRegistration.swift; sourceTree = "<group>"; };
		37BAD1832C25ECA100023B40 /* StoreRegistration.swift */ = {isa = PBXFileReference; fileEncoding = 4; lastKnownFileType = sourcecode.swift; path = StoreRegistration.swift; sourceTree = "<group>"; };
		37BAD1842C25ECA100023B40 /* ServiceRegistration.swift */ = {isa = PBXFileReference; fileEncoding = 4; lastKnownFileType = sourcecode.swift; path = ServiceRegistration.swift; sourceTree = "<group>"; };
		AA1858432C0C7F3E006F84E4 /* InputView.swift */ = {isa = PBXFileReference; lastKnownFileType = sourcecode.swift; path = InputView.swift; sourceTree = "<group>"; };
		AA1858452C0C7FB7006F84E4 /* LoginView.swift */ = {isa = PBXFileReference; lastKnownFileType = sourcecode.swift; path = LoginView.swift; sourceTree = "<group>"; };
		AA2006FF2BF29A5F001FFD10 /* MockDataProvider.swift */ = {isa = PBXFileReference; lastKnownFileType = sourcecode.swift; path = MockDataProvider.swift; sourceTree = "<group>"; };
		AA2C98512BFA13BB00B28911 /* SwipingView.swift */ = {isa = PBXFileReference; lastKnownFileType = sourcecode.swift; path = SwipingView.swift; sourceTree = "<group>"; };
		AA2C98532BFA18CD00B28911 /* SwipingCard.swift */ = {isa = PBXFileReference; lastKnownFileType = sourcecode.swift; path = SwipingCard.swift; sourceTree = "<group>"; };
		AA2C98552BFBED8900B28911 /* ScratchView.swift */ = {isa = PBXFileReference; lastKnownFileType = sourcecode.swift; path = ScratchView.swift; sourceTree = "<group>"; };
		AA3593292BF35CCB0043B663 /* LabelCollectionViewCell.swift */ = {isa = PBXFileReference; lastKnownFileType = sourcecode.swift; path = LabelCollectionViewCell.swift; sourceTree = "<group>"; };
		AA35932C2BF361D80043B663 /* UICollectionView+ReusableIdentifier.swift */ = {isa = PBXFileReference; lastKnownFileType = sourcecode.swift; path = "UICollectionView+ReusableIdentifier.swift"; sourceTree = "<group>"; };
		AA35932E2BF3777F0043B663 /* ReusableIdentifier.swift */ = {isa = PBXFileReference; lastKnownFileType = sourcecode.swift; path = ReusableIdentifier.swift; sourceTree = "<group>"; };
		AA3BCAFC2BFD3D1B00334E82 /* Futura-Bold-Italic-font.ttf */ = {isa = PBXFileReference; lastKnownFileType = file; path = "Futura-Bold-Italic-font.ttf"; sourceTree = "<group>"; };
		AA42FA102BED1CE20001BCE9 /* Course AppUITests.xctest */ = {isa = PBXFileReference; explicitFileType = wrapper.cfbundle; includeInIndex = 0; path = "Course AppUITests.xctest"; sourceTree = BUILT_PRODUCTS_DIR; };
		AA42FA122BED1CE20001BCE9 /* Course_AppUITests.swift */ = {isa = PBXFileReference; lastKnownFileType = sourcecode.swift; path = Course_AppUITests.swift; sourceTree = "<group>"; };
		AA42FA142BED1CE20001BCE9 /* Course_AppUITestsLaunchTests.swift */ = {isa = PBXFileReference; lastKnownFileType = sourcecode.swift; path = Course_AppUITestsLaunchTests.swift; sourceTree = "<group>"; };
		AA42FA1F2BED1D110001BCE9 /* Course Tests.xctest */ = {isa = PBXFileReference; explicitFileType = wrapper.cfbundle; includeInIndex = 0; path = "Course Tests.xctest"; sourceTree = BUILT_PRODUCTS_DIR; };
		AA42FA212BED1D110001BCE9 /* Course_Tests.swift */ = {isa = PBXFileReference; lastKnownFileType = sourcecode.swift; path = Course_Tests.swift; sourceTree = "<group>"; };
		AA42FA282BED1D5C0001BCE9 /* Development.xcconfig */ = {isa = PBXFileReference; lastKnownFileType = text.xcconfig; path = Development.xcconfig; sourceTree = "<group>"; };
		AA42FA292BED1E5F0001BCE9 /* Production.xcconfig */ = {isa = PBXFileReference; lastKnownFileType = text.xcconfig; path = Production.xcconfig; sourceTree = "<group>"; };
		AA4F36F92BF250C0006A6D2F /* Colors.xcassets */ = {isa = PBXFileReference; lastKnownFileType = folder.assetcatalog; path = Colors.xcassets; sourceTree = "<group>"; };
		AA4F36FB2BF25261006A6D2F /* HomeViewController.swift */ = {isa = PBXFileReference; lastKnownFileType = sourcecode.swift; path = HomeViewController.swift; sourceTree = "<group>"; };
		AA4F36FC2BF25261006A6D2F /* HomeViewController.xib */ = {isa = PBXFileReference; lastKnownFileType = file.xib; path = HomeViewController.xib; sourceTree = "<group>"; };
		AA6275B02BEFE1B800646C3E /* Configuration.swift */ = {isa = PBXFileReference; lastKnownFileType = sourcecode.swift; path = Configuration.swift; sourceTree = "<group>"; };
		AA7B65922C275A3E00503A6B /* TestModule */ = {isa = PBXFileReference; lastKnownFileType = wrapper; name = TestModule; path = ../TestModule; sourceTree = "<group>"; };
		AA7B65992C2772A700503A6B /* SelectableButtonStyle.swift */ = {isa = PBXFileReference; fileEncoding = 4; lastKnownFileType = sourcecode.swift; path = SelectableButtonStyle.swift; sourceTree = "<group>"; };
		AA7CF9A52BF3ACB9001B2E1B /* ImageCollectionViewCell.swift */ = {isa = PBXFileReference; lastKnownFileType = sourcecode.swift; path = ImageCollectionViewCell.swift; sourceTree = "<group>"; };
		AA82E14F2BFCD6C900B0A1C3 /* MainTabBarController.swift */ = {isa = PBXFileReference; lastKnownFileType = sourcecode.swift; path = MainTabBarController.swift; sourceTree = "<group>"; };
		AA9180562C03539D00B3D5A0 /* EventEmittier.swift */ = {isa = PBXFileReference; lastKnownFileType = sourcecode.swift; path = EventEmittier.swift; sourceTree = "<group>"; };
		AA9180582C03BAD600B3D5A0 /* ProfileNavigationCoordinator.swift */ = {isa = PBXFileReference; lastKnownFileType = sourcecode.swift; path = ProfileNavigationCoordinator.swift; sourceTree = "<group>"; };
		AA91805A2C03BB1A00B3D5A0 /* ProfileView.swift */ = {isa = PBXFileReference; lastKnownFileType = sourcecode.swift; path = ProfileView.swift; sourceTree = "<group>"; };
		AA9556642BDBC46200E8FE28 /* App Course Dev.app */ = {isa = PBXFileReference; explicitFileType = wrapper.application; includeInIndex = 0; path = "App Course Dev.app"; sourceTree = BUILT_PRODUCTS_DIR; };
		AA9556672BDBC46200E8FE28 /* Course_AppApp.swift */ = {isa = PBXFileReference; lastKnownFileType = sourcecode.swift; path = Course_AppApp.swift; sourceTree = "<group>"; };
		AA9556692BDBC46200E8FE28 /* ContentView.swift */ = {isa = PBXFileReference; lastKnownFileType = sourcecode.swift; path = ContentView.swift; sourceTree = "<group>"; };
		AA95566B2BDBC46200E8FE28 /* Images.xcassets */ = {isa = PBXFileReference; lastKnownFileType = folder.assetcatalog; path = Images.xcassets; sourceTree = "<group>"; };
		AA95566E2BDBC46200E8FE28 /* Preview Assets.xcassets */ = {isa = PBXFileReference; lastKnownFileType = folder.assetcatalog; path = "Preview Assets.xcassets"; sourceTree = "<group>"; };
		AAAF835E2BF3D4A9006333F4 /* HorizontalCollectionCollectionViewCell.swift */ = {isa = PBXFileReference; lastKnownFileType = sourcecode.swift; path = HorizontalCollectionCollectionViewCell.swift; sourceTree = "<group>"; };
		AAC0BB442BED6C720000F0F0 /* Course-App-Info.plist */ = {isa = PBXFileReference; lastKnownFileType = text.plist; path = "Course-App-Info.plist"; sourceTree = SOURCE_ROOT; };
		AACAED6B2BF20F9500DAE915 /* Poppins-Bold.ttf */ = {isa = PBXFileReference; lastKnownFileType = file; path = "Poppins-Bold.ttf"; sourceTree = "<group>"; };
		AACAED6C2BF20F9500DAE915 /* Poppins-Regular.ttf */ = {isa = PBXFileReference; lastKnownFileType = file; path = "Poppins-Regular.ttf"; sourceTree = "<group>"; };
		AACAED6D2BF20F9500DAE915 /* Poppins-MediumItalic.ttf */ = {isa = PBXFileReference; lastKnownFileType = file; path = "Poppins-MediumItalic.ttf"; sourceTree = "<group>"; };
		AAE1C1662C0E64A400649296 /* KeychainManager.swift */ = {isa = PBXFileReference; lastKnownFileType = sourcecode.swift; path = KeychainManager.swift; sourceTree = "<group>"; };
		AAE1C16A2C0E6B8C00649296 /* CustomError.swift */ = {isa = PBXFileReference; lastKnownFileType = sourcecode.swift; path = CustomError.swift; sourceTree = "<group>"; };
		AAF116952C00EF6E002B1312 /* HeaderView.swift */ = {isa = PBXFileReference; lastKnownFileType = sourcecode.swift; path = HeaderView.swift; sourceTree = "<group>"; };
		AAF116982C0119A1002B1312 /* Coordinator.swift */ = {isa = PBXFileReference; lastKnownFileType = sourcecode.swift; path = Coordinator.swift; sourceTree = "<group>"; };
		AAF1169A2C011ADF002B1312 /* ViewControllerCoordinator.swift */ = {isa = PBXFileReference; lastKnownFileType = sourcecode.swift; path = ViewControllerCoordinator.swift; sourceTree = "<group>"; };
		AAF1169C2C011C39002B1312 /* MainTabBarCoordinator.swift */ = {isa = PBXFileReference; lastKnownFileType = sourcecode.swift; path = MainTabBarCoordinator.swift; sourceTree = "<group>"; };
		AAF1169E2C01240B002B1312 /* CoordinatorView.swift */ = {isa = PBXFileReference; lastKnownFileType = sourcecode.swift; path = CoordinatorView.swift; sourceTree = "<group>"; };
		AAF116A02C012A18002B1312 /* AppCoordinator.swift */ = {isa = PBXFileReference; lastKnownFileType = sourcecode.swift; path = AppCoordinator.swift; sourceTree = "<group>"; };
		AAF116A22C01DAFA002B1312 /* OnboardingView.swift */ = {isa = PBXFileReference; lastKnownFileType = sourcecode.swift; path = OnboardingView.swift; sourceTree = "<group>"; };
		AAF116A42C01DB65002B1312 /* OnboardingNavigationCoordinator.swift */ = {isa = PBXFileReference; lastKnownFileType = sourcecode.swift; path = OnboardingNavigationCoordinator.swift; sourceTree = "<group>"; };
		AAF116A62C01DB85002B1312 /* SwipingNavigationCoordinator.swift */ = {isa = PBXFileReference; lastKnownFileType = sourcecode.swift; path = SwipingNavigationCoordinator.swift; sourceTree = "<group>"; };
		AAF116A82C01DFDA002B1312 /* CustomNavigationController.swift */ = {isa = PBXFileReference; lastKnownFileType = sourcecode.swift; path = CustomNavigationController.swift; sourceTree = "<group>"; };
/* End PBXFileReference section */

/* Begin PBXFrameworksBuildPhase section */
		AA42FA0D2BED1CE10001BCE9 /* Frameworks */ = {
			isa = PBXFrameworksBuildPhase;
			buildActionMask = 2147483647;
			files = (
			);
			runOnlyForDeploymentPostprocessing = 0;
		};
		AA42FA1C2BED1D110001BCE9 /* Frameworks */ = {
			isa = PBXFrameworksBuildPhase;
			buildActionMask = 2147483647;
			files = (
			);
			runOnlyForDeploymentPostprocessing = 0;
		};
		AA9556612BDBC46200E8FE28 /* Frameworks */ = {
			isa = PBXFrameworksBuildPhase;
			buildActionMask = 2147483647;
			files = (
				AA7B65962C275B7400503A6B /* TestModule in Frameworks */,
				37BAD18C2C26034700023B40 /* DependencyInjection in Frameworks */,
				37BAD19E2C2607F900023B40 /* FirebaseAuth in Frameworks */,
				37BAD1982C26061E00023B40 /* KeychainAccess in Frameworks */,
				37BAD1A62C2607F900023B40 /* FirebaseFirestoreSwift in Frameworks */,
				37BAD1A42C2607F900023B40 /* FirebaseFirestoreCombine-Community in Frameworks */,
				37BAD1A22C2607F900023B40 /* FirebaseFirestore in Frameworks */,
				37BAD1A02C2607F900023B40 /* FirebaseAuthCombine-Community in Frameworks */,
			);
			runOnlyForDeploymentPostprocessing = 0;
		};
/* End PBXFrameworksBuildPhase section */

/* Begin PBXGroup section */
		3702F4CA2C0CE6F400547E78 /* Screens */ = {
			isa = PBXGroup;
			children = (
				3702F4CB2C0CE72700547E78 /* LoginFlow */,
			);
			path = Screens;
			sourceTree = "<group>";
		};
		3702F4CB2C0CE72700547E78 /* LoginFlow */ = {
			isa = PBXGroup;
			children = (
				3702F4CC2C0CE7A600547E78 /* LoginFlowCoordinator.swift */,
				AA1858452C0C7FB7006F84E4 /* LoginView.swift */,
			);
			path = LoginFlow;
			sourceTree = "<group>";
		};
		375B5A722C1F25E000572622 /* ImagesDownloadManager */ = {
			isa = PBXGroup;
			children = (
				375B5A732C1F260500572622 /* ImagesDownloadManager.swift */,
			);
			path = ImagesDownloadManager;
			sourceTree = "<group>";
		};
		378B42322C0F894D0041C72B /* Frameworks */ = {
			isa = PBXGroup;
			children = (
			);
			name = Frameworks;
			sourceTree = "<group>";
		};
		378CFAE12C26DFE0002670E5 /* SwipingView */ = {
			isa = PBXGroup;
			children = (
				37BAD16E2C25DA8D00023B40 /* SwipingViewStore.swift */,
				37BAD1742C25DB7F00023B40 /* SwipingViewAction.swift */,
				37BAD1702C25DAD200023B40 /* SwipingViewState.swift */,
				37BAD1722C25DB0600023B40 /* SwipingViewEvent.swift */,
			);
			path = SwipingView;
			sourceTree = "<group>";
		};
		37902C0C2C1B61F90017309E /* Networking */ = {
			isa = PBXGroup;
			children = (
				375B5A722C1F25E000572622 /* ImagesDownloadManager */,
				37902C152C1B62CD0017309E /* Services */,
				37902C142C1B62C40017309E /* Models */,
				37902C122C1B62B60017309E /* Misc */,
				37902C112C1B629B0017309E /* Endpoints */,
				37902C102C1B62890017309E /* Authentication */,
				37902C0F2C1B627B0017309E /* Storage */,
				37902C0D2C1B625D0017309E /* APIManager */,
			);
			path = Networking;
			sourceTree = "<group>";
		};
		37902C0D2C1B625D0017309E /* APIManager */ = {
			isa = PBXGroup;
			children = (
				37902C182C1B634A0017309E /* ApiManager.swift */,
				37902C262C1B650B0017309E /* Endpoint.swift */,
			);
			path = APIManager;
			sourceTree = "<group>";
		};
		37902C0F2C1B627B0017309E /* Storage */ = {
			isa = PBXGroup;
			children = (
				37902C1A2C1B63920017309E /* FirebaseStoreManager.swift */,
			);
			path = Storage;
			sourceTree = "<group>";
		};
		37902C102C1B62890017309E /* Authentication */ = {
			isa = PBXGroup;
			children = (
				37902C1C2C1B63B60017309E /* FirebaseAuthManager.swift */,
			);
			path = Authentication;
			sourceTree = "<group>";
		};
		37902C112C1B629B0017309E /* Endpoints */ = {
			isa = PBXGroup;
			children = (
				37902C222C1B64540017309E /* JokesRouter.swift */,
				37902C242C1B64620017309E /* ImagesRouter.swift */,
			);
			path = Endpoints;
			sourceTree = "<group>";
		};
		37902C122C1B62B60017309E /* Misc */ = {
			isa = PBXGroup;
			children = (
				37902C282C1B65380017309E /* HTTPHeader.swift */,
				37902C2C2C1B65B30017309E /* HTTPMethod.swift */,
				37902C2A2C1B65990017309E /* NetworkingError.swift */,
			);
			path = Misc;
			sourceTree = "<group>";
		};
		37902C142C1B62C40017309E /* Models */ = {
			isa = PBXGroup;
			children = (
				37902C1E2C1B64090017309E /* Credentials.swift */,
				37902C202C1B64280017309E /* JokeResponse.swift */,
			);
			path = Models;
			sourceTree = "<group>";
		};
		37902C152C1B62CD0017309E /* Services */ = {
			isa = PBXGroup;
			children = (
				37902C162C1B62EA0017309E /* JokeService.swift */,
			);
			path = Services;
			sourceTree = "<group>";
		};
		37BAD1782C25E33E00023B40 /* Protocols */ = {
			isa = PBXGroup;
			children = (
				37BAD1792C25E35300023B40 /* CancellablesContaining.swift */,
				37BAD17F2C25E9E400023B40 /* Store.swift */,
			);
			path = Protocols;
			sourceTree = "<group>";
		};
		37BAD1812C25EC8200023B40 /* DI */ = {
			isa = PBXGroup;
			children = (
				37BAD1822C25ECA100023B40 /* ManagerRegistration.swift */,
				37BAD1842C25ECA100023B40 /* ServiceRegistration.swift */,
				37BAD1832C25ECA100023B40 /* StoreRegistration.swift */,
			);
			path = DI;
			sourceTree = "<group>";
		};
		AA04B29D2BEFEAFE00532B72 /* Resources */ = {
			isa = PBXGroup;
			children = (
				AA95566B2BDBC46200E8FE28 /* Images.xcassets */,
				AA6275B02BEFE1B800646C3E /* Configuration.swift */,
				AA04B29E2BEFEB1E00532B72 /* Fonts */,
				AA4F36F92BF250C0006A6D2F /* Colors.xcassets */,
			);
			path = Resources;
			sourceTree = "<group>";
		};
		AA04B29E2BEFEB1E00532B72 /* Fonts */ = {
			isa = PBXGroup;
			children = (
				AA3BCAFC2BFD3D1B00334E82 /* Futura-Bold-Italic-font.ttf */,
				AACAED6B2BF20F9500DAE915 /* Poppins-Bold.ttf */,
				AACAED6D2BF20F9500DAE915 /* Poppins-MediumItalic.ttf */,
				AACAED6C2BF20F9500DAE915 /* Poppins-Regular.ttf */,
			);
			path = Fonts;
			sourceTree = "<group>";
		};
		AA2006FE2BF29A4A001FFD10 /* Stores */ = {
			isa = PBXGroup;
			children = (
				378CFAE12C26DFE0002670E5 /* SwipingView */,
				AA2006FF2BF29A5F001FFD10 /* MockDataProvider.swift */,
				37902C2E2C1B77CA0017309E /* HomeViewStore.swift */,
				378CFAE22C26E472002670E5 /* LoginViewStore.swift */,
			);
			path = Stores;
			sourceTree = "<group>";
		};
		AA2C98462BFA077300B28911 /* SharedUI */ = {
			isa = PBXGroup;
			children = (
				AA2C984C2BFA0D1000B28911 /* Styles */,
				AA2C98472BFA077E00B28911 /* ViewModifiers */,
			);
			path = SharedUI;
			sourceTree = "<group>";
		};
		AA2C98472BFA077E00B28911 /* ViewModifiers */ = {
			isa = PBXGroup;
			children = (
			);
			path = ViewModifiers;
			sourceTree = "<group>";
		};
		AA2C984C2BFA0D1000B28911 /* Styles */ = {
			isa = PBXGroup;
			children = (
				AA7B65992C2772A700503A6B /* SelectableButtonStyle.swift */,
			);
			path = Styles;
			sourceTree = "<group>";
		};
		AA3593282BF35C620043B663 /* UICollectionViewCells */ = {
			isa = PBXGroup;
			children = (
				AA3593292BF35CCB0043B663 /* LabelCollectionViewCell.swift */,
				AA7CF9A52BF3ACB9001B2E1B /* ImageCollectionViewCell.swift */,
				AAAF835E2BF3D4A9006333F4 /* HorizontalCollectionCollectionViewCell.swift */,
			);
			path = UICollectionViewCells;
			sourceTree = "<group>";
		};
		AA35932B2BF3619E0043B663 /* Common */ = {
			isa = PBXGroup;
			children = (
				37BAD1782C25E33E00023B40 /* Protocols */,
				AAE1C1692C0E6B7500649296 /* Types */,
				AAE1C1652C0E649100649296 /* Managers */,
				AA35932C2BF361D80043B663 /* UICollectionView+ReusableIdentifier.swift */,
				AA35932E2BF3777F0043B663 /* ReusableIdentifier.swift */,
			);
			path = Common;
			sourceTree = "<group>";
		};
		AA42FA0B2BED1C280001BCE9 /* Configuration */ = {
			isa = PBXGroup;
			children = (
				AA42FA282BED1D5C0001BCE9 /* Development.xcconfig */,
				AA42FA292BED1E5F0001BCE9 /* Production.xcconfig */,
			);
			path = Configuration;
			sourceTree = "<group>";
		};
		AA42FA112BED1CE20001BCE9 /* Course AppUITests */ = {
			isa = PBXGroup;
			children = (
				AA42FA122BED1CE20001BCE9 /* Course_AppUITests.swift */,
				AA42FA142BED1CE20001BCE9 /* Course_AppUITestsLaunchTests.swift */,
			);
			path = "Course AppUITests";
			sourceTree = "<group>";
		};
		AA42FA202BED1D110001BCE9 /* Course Tests */ = {
			isa = PBXGroup;
			children = (
				AA42FA212BED1D110001BCE9 /* Course_Tests.swift */,
			);
			path = "Course Tests";
			sourceTree = "<group>";
		};
		AA4F36F62BF25026006A6D2F /* Views */ = {
			isa = PBXGroup;
			children = (
				AA4F36F82BF2503C006A6D2F /* UIKit */,
				AA4F36F72BF25035006A6D2F /* SwiftUI */,
			);
			path = Views;
			sourceTree = "<group>";
		};
		AA4F36F72BF25035006A6D2F /* SwiftUI */ = {
			isa = PBXGroup;
			children = (
				AA9556692BDBC46200E8FE28 /* ContentView.swift */,
				AAF116952C00EF6E002B1312 /* HeaderView.swift */,
				AAF116A22C01DAFA002B1312 /* OnboardingView.swift */,
				AA2C98552BFBED8900B28911 /* ScratchView.swift */,
				AA2C98532BFA18CD00B28911 /* SwipingCard.swift */,
				AA2C98512BFA13BB00B28911 /* SwipingView.swift */,
				AA91805A2C03BB1A00B3D5A0 /* ProfileView.swift */,
				AA1858432C0C7F3E006F84E4 /* InputView.swift */,
			);
			path = SwiftUI;
			sourceTree = "<group>";
		};
		AA4F36F82BF2503C006A6D2F /* UIKit */ = {
			isa = PBXGroup;
			children = (
				AA3593282BF35C620043B663 /* UICollectionViewCells */,
				AA4F36FB2BF25261006A6D2F /* HomeViewController.swift */,
				AA4F36FC2BF25261006A6D2F /* HomeViewController.xib */,
				AA82E14F2BFCD6C900B0A1C3 /* MainTabBarController.swift */,
				AAF116A82C01DFDA002B1312 /* CustomNavigationController.swift */,
				378CFAE42C27073C002670E5 /* HostingControllerHidesTabBar.swift */,
			);
			path = UIKit;
			sourceTree = "<group>";
		};
		AA95565B2BDBC46200E8FE28 = {
			isa = PBXGroup;
			children = (
				AA7B65922C275A3E00503A6B /* TestModule */,
				AA9556662BDBC46200E8FE28 /* Course App */,
				AA42FA112BED1CE20001BCE9 /* Course AppUITests */,
				AA42FA202BED1D110001BCE9 /* Course Tests */,
				AA9556652BDBC46200E8FE28 /* Products */,
				378B42322C0F894D0041C72B /* Frameworks */,
			);
			sourceTree = "<group>";
		};
		AA9556652BDBC46200E8FE28 /* Products */ = {
			isa = PBXGroup;
			children = (
				AA9556642BDBC46200E8FE28 /* App Course Dev.app */,
				AA42FA102BED1CE20001BCE9 /* Course AppUITests.xctest */,
				AA42FA1F2BED1D110001BCE9 /* Course Tests.xctest */,
			);
			name = Products;
			sourceTree = "<group>";
		};
		AA9556662BDBC46200E8FE28 /* Course App */ = {
			isa = PBXGroup;
			children = (
				37BAD1812C25EC8200023B40 /* DI */,
				37902C0C2C1B61F90017309E /* Networking */,
				3702F4CA2C0CE6F400547E78 /* Screens */,
				AAF116972C01198E002B1312 /* Navigation */,
				AA2C98462BFA077300B28911 /* SharedUI */,
				AA35932B2BF3619E0043B663 /* Common */,
				AA2006FE2BF29A4A001FFD10 /* Stores */,
				AA04B29D2BEFEAFE00532B72 /* Resources */,
				AAC0BB442BED6C720000F0F0 /* Course-App-Info.plist */,
				AA9556672BDBC46200E8FE28 /* Course_AppApp.swift */,
				3702F4C82C0CE0BE00547E78 /* GoogleService-Info.plist */,
				AA42FA0B2BED1C280001BCE9 /* Configuration */,
				AA4F36F62BF25026006A6D2F /* Views */,
				AA95566D2BDBC46200E8FE28 /* Preview Content */,
			);
			path = "Course App";
			sourceTree = "<group>";
		};
		AA95566D2BDBC46200E8FE28 /* Preview Content */ = {
			isa = PBXGroup;
			children = (
				AA95566E2BDBC46200E8FE28 /* Preview Assets.xcassets */,
			);
			path = "Preview Content";
			sourceTree = "<group>";
		};
		AAE1C1652C0E649100649296 /* Managers */ = {
			isa = PBXGroup;
			children = (
				AAE1C1662C0E64A400649296 /* KeychainManager.swift */,
			);
			path = Managers;
			sourceTree = "<group>";
		};
		AAE1C1692C0E6B7500649296 /* Types */ = {
			isa = PBXGroup;
			children = (
				AAE1C16A2C0E6B8C00649296 /* CustomError.swift */,
			);
			path = Types;
			sourceTree = "<group>";
		};
		AAF116972C01198E002B1312 /* Navigation */ = {
			isa = PBXGroup;
			children = (
				AAF116982C0119A1002B1312 /* Coordinator.swift */,
				AAF1169A2C011ADF002B1312 /* ViewControllerCoordinator.swift */,
				AAF1169C2C011C39002B1312 /* MainTabBarCoordinator.swift */,
				AAF116A02C012A18002B1312 /* AppCoordinator.swift */,
				AAF1169E2C01240B002B1312 /* CoordinatorView.swift */,
				AAF116A42C01DB65002B1312 /* OnboardingNavigationCoordinator.swift */,
				AAF116A62C01DB85002B1312 /* SwipingNavigationCoordinator.swift */,
				AA9180562C03539D00B3D5A0 /* EventEmittier.swift */,
				AA9180582C03BAD600B3D5A0 /* ProfileNavigationCoordinator.swift */,
				37BAD17B2C25E39900023B40 /* SwipingViewFactory.swift */,
				37BAD17D2C25E48500023B40 /* HomeNavigationCoordinator.swift */,
			);
			path = Navigation;
			sourceTree = "<group>";
		};
/* End PBXGroup section */

/* Begin PBXNativeTarget section */
		AA42FA0F2BED1CE10001BCE9 /* Course AppUITests */ = {
			isa = PBXNativeTarget;
			buildConfigurationList = AA42FA182BED1CE20001BCE9 /* Build configuration list for PBXNativeTarget "Course AppUITests" */;
			buildPhases = (
				AA42FA0C2BED1CE10001BCE9 /* Sources */,
				AA42FA0D2BED1CE10001BCE9 /* Frameworks */,
				AA42FA0E2BED1CE10001BCE9 /* Resources */,
			);
			buildRules = (
			);
			dependencies = (
				AA42FA172BED1CE20001BCE9 /* PBXTargetDependency */,
			);
			name = "Course AppUITests";
			productName = "Course AppUITests";
			productReference = AA42FA102BED1CE20001BCE9 /* Course AppUITests.xctest */;
			productType = "com.apple.product-type.bundle.ui-testing";
		};
		AA42FA1E2BED1D110001BCE9 /* Course Tests */ = {
			isa = PBXNativeTarget;
			buildConfigurationList = AA42FA252BED1D110001BCE9 /* Build configuration list for PBXNativeTarget "Course Tests" */;
			buildPhases = (
				AA42FA1B2BED1D110001BCE9 /* Sources */,
				AA42FA1C2BED1D110001BCE9 /* Frameworks */,
				AA42FA1D2BED1D110001BCE9 /* Resources */,
			);
			buildRules = (
			);
			dependencies = (
				AA42FA242BED1D110001BCE9 /* PBXTargetDependency */,
			);
			name = "Course Tests";
			productName = "Course Tests";
			productReference = AA42FA1F2BED1D110001BCE9 /* Course Tests.xctest */;
			productType = "com.apple.product-type.bundle.unit-test";
		};
		AA9556632BDBC46200E8FE28 /* Course App */ = {
			isa = PBXNativeTarget;
			buildConfigurationList = AA9556722BDBC46200E8FE28 /* Build configuration list for PBXNativeTarget "Course App" */;
			buildPhases = (
				AA9556602BDBC46200E8FE28 /* Sources */,
				AA9556612BDBC46200E8FE28 /* Frameworks */,
				AA9556622BDBC46200E8FE28 /* Resources */,
			);
			buildRules = (
			);
			dependencies = (
			);
			name = "Course App";
			packageProductDependencies = (
				37BAD18B2C26034700023B40 /* DependencyInjection */,
				37BAD1972C26061E00023B40 /* KeychainAccess */,
				37BAD19D2C2607F900023B40 /* FirebaseAuth */,
				37BAD19F2C2607F900023B40 /* FirebaseAuthCombine-Community */,
				37BAD1A12C2607F900023B40 /* FirebaseFirestore */,
				37BAD1A32C2607F900023B40 /* FirebaseFirestoreCombine-Community */,
				37BAD1A52C2607F900023B40 /* FirebaseFirestoreSwift */,
				AA7B65952C275B7400503A6B /* TestModule */,
			);
			productName = "Course App";
			productReference = AA9556642BDBC46200E8FE28 /* App Course Dev.app */;
			productType = "com.apple.product-type.application";
		};
/* End PBXNativeTarget section */

/* Begin PBXProject section */
		AA95565C2BDBC46200E8FE28 /* Project object */ = {
			isa = PBXProject;
			attributes = {
				BuildIndependentTargetsInParallel = 1;
				LastSwiftUpdateCheck = 1530;
				LastUpgradeCheck = 1540;
				TargetAttributes = {
					AA42FA0F2BED1CE10001BCE9 = {
						CreatedOnToolsVersion = 15.3;
						TestTargetID = AA9556632BDBC46200E8FE28;
					};
					AA42FA1E2BED1D110001BCE9 = {
						CreatedOnToolsVersion = 15.3;
						TestTargetID = AA9556632BDBC46200E8FE28;
					};
					AA9556632BDBC46200E8FE28 = {
						CreatedOnToolsVersion = 15.3;
					};
				};
			};
			buildConfigurationList = AA95565F2BDBC46200E8FE28 /* Build configuration list for PBXProject "Course App" */;
			compatibilityVersion = "Xcode 14.0";
			developmentRegion = en;
			hasScannedForEncodings = 0;
			knownRegions = (
				en,
				Base,
			);
			mainGroup = AA95565B2BDBC46200E8FE28;
			packageReferences = (
				37BAD18A2C26034700023B40 /* XCRemoteSwiftPackageReference "ios-dependency-injection" */,
				37BAD18D2C2603A600023B40 /* XCRemoteSwiftPackageReference "KeychainAccess" */,
				37BAD19C2C2607F900023B40 /* XCRemoteSwiftPackageReference "firebase-ios-sdk" */,
			);
			productRefGroup = AA9556652BDBC46200E8FE28 /* Products */;
			projectDirPath = "";
			projectRoot = "";
			targets = (
				AA9556632BDBC46200E8FE28 /* Course App */,
				AA42FA0F2BED1CE10001BCE9 /* Course AppUITests */,
				AA42FA1E2BED1D110001BCE9 /* Course Tests */,
			);
		};
/* End PBXProject section */

/* Begin PBXResourcesBuildPhase section */
		AA42FA0E2BED1CE10001BCE9 /* Resources */ = {
			isa = PBXResourcesBuildPhase;
			buildActionMask = 2147483647;
			files = (
			);
			runOnlyForDeploymentPostprocessing = 0;
		};
		AA42FA1D2BED1D110001BCE9 /* Resources */ = {
			isa = PBXResourcesBuildPhase;
			buildActionMask = 2147483647;
			files = (
			);
			runOnlyForDeploymentPostprocessing = 0;
		};
		AA9556622BDBC46200E8FE28 /* Resources */ = {
			isa = PBXResourcesBuildPhase;
			buildActionMask = 2147483647;
			files = (
				AA95566F2BDBC46200E8FE28 /* Preview Assets.xcassets in Resources */,
				AACAED702BF20F9500DAE915 /* Poppins-MediumItalic.ttf in Resources */,
				AA3BCAFD2BFDCB7100334E82 /* Futura-Bold-Italic-font.ttf in Resources */,
				AA95566C2BDBC46200E8FE28 /* Images.xcassets in Resources */,
				AACAED6E2BF20F9500DAE915 /* Poppins-Bold.ttf in Resources */,
				AACAED6F2BF20F9500DAE915 /* Poppins-Regular.ttf in Resources */,
				3702F4C92C0CE0BE00547E78 /* GoogleService-Info.plist in Resources */,
				AA4F36FA2BF250C0006A6D2F /* Colors.xcassets in Resources */,
				AA4F36FE2BF25261006A6D2F /* HomeViewController.xib in Resources */,
			);
			runOnlyForDeploymentPostprocessing = 0;
		};
/* End PBXResourcesBuildPhase section */

/* Begin PBXSourcesBuildPhase section */
		AA42FA0C2BED1CE10001BCE9 /* Sources */ = {
			isa = PBXSourcesBuildPhase;
			buildActionMask = 2147483647;
			files = (
				AA42FA132BED1CE20001BCE9 /* Course_AppUITests.swift in Sources */,
				AA42FA152BED1CE20001BCE9 /* Course_AppUITestsLaunchTests.swift in Sources */,
			);
			runOnlyForDeploymentPostprocessing = 0;
		};
		AA42FA1B2BED1D110001BCE9 /* Sources */ = {
			isa = PBXSourcesBuildPhase;
			buildActionMask = 2147483647;
			files = (
				AA42FA222BED1D110001BCE9 /* Course_Tests.swift in Sources */,
			);
			runOnlyForDeploymentPostprocessing = 0;
		};
		AA9556602BDBC46200E8FE28 /* Sources */ = {
			isa = PBXSourcesBuildPhase;
			buildActionMask = 2147483647;
			files = (
				37902C292C1B65380017309E /* HTTPHeader.swift in Sources */,
				3702F4CD2C0CE7A600547E78 /* LoginFlowCoordinator.swift in Sources */,
				AA6275B12BEFE1B800646C3E /* Configuration.swift in Sources */,
				37BAD1802C25E9E400023B40 /* Store.swift in Sources */,
				AA35932F2BF3777F0043B663 /* ReusableIdentifier.swift in Sources */,
				37BAD1852C25ECA100023B40 /* ManagerRegistration.swift in Sources */,
				37BAD1732C25DB0600023B40 /* SwipingViewEvent.swift in Sources */,
				AA35932D2BF361D80043B663 /* UICollectionView+ReusableIdentifier.swift in Sources */,
				37BAD17A2C25E35300023B40 /* CancellablesContaining.swift in Sources */,
				37902C1F2C1B64090017309E /* Credentials.swift in Sources */,
				37BAD16F2C25DA8D00023B40 /* SwipingViewStore.swift in Sources */,
				AA95566A2BDBC46200E8FE28 /* ContentView.swift in Sources */,
				37BAD1712C25DAD200023B40 /* SwipingViewState.swift in Sources */,
				375B5A742C1F260500572622 /* ImagesDownloadManager.swift in Sources */,
				AAE1C16B2C0E6B8C00649296 /* CustomError.swift in Sources */,
				AA2C98522BFA13BB00B28911 /* SwipingView.swift in Sources */,
				378CFAE32C26E472002670E5 /* LoginViewStore.swift in Sources */,
				37902C252C1B64620017309E /* ImagesRouter.swift in Sources */,
				AA2C98542BFA18CD00B28911 /* SwipingCard.swift in Sources */,
				AAF116962C00EF6E002B1312 /* HeaderView.swift in Sources */,
				AAE1C1672C0E64A400649296 /* KeychainManager.swift in Sources */,
				37BAD17E2C25E48500023B40 /* HomeNavigationCoordinator.swift in Sources */,
				37902C172C1B62EA0017309E /* JokeService.swift in Sources */,
				37902C232C1B64540017309E /* JokesRouter.swift in Sources */,
				AAF116A72C01DB85002B1312 /* SwipingNavigationCoordinator.swift in Sources */,
				378CFAE52C27073C002670E5 /* HostingControllerHidesTabBar.swift in Sources */,
				AAAF835F2BF3D4A9006333F4 /* HorizontalCollectionCollectionViewCell.swift in Sources */,
				37902C192C1B634A0017309E /* ApiManager.swift in Sources */,
				AAF116A52C01DB65002B1312 /* OnboardingNavigationCoordinator.swift in Sources */,
				37BAD17C2C25E39900023B40 /* SwipingViewFactory.swift in Sources */,
				37902C272C1B650B0017309E /* Endpoint.swift in Sources */,
				AA2007002BF29A5F001FFD10 /* MockDataProvider.swift in Sources */,
				AA9180592C03BAD600B3D5A0 /* ProfileNavigationCoordinator.swift in Sources */,
				AAF1169F2C01240B002B1312 /* CoordinatorView.swift in Sources */,
				AA7B659A2C2772A700503A6B /* SelectableButtonStyle.swift in Sources */,
				37902C1B2C1B63920017309E /* FirebaseStoreManager.swift in Sources */,
				AAF1169B2C011ADF002B1312 /* ViewControllerCoordinator.swift in Sources */,
				37BAD1862C25ECA100023B40 /* StoreRegistration.swift in Sources */,
				AAF116A12C012A18002B1312 /* AppCoordinator.swift in Sources */,
				37902C212C1B64280017309E /* JokeResponse.swift in Sources */,
				AAF116A32C01DAFA002B1312 /* OnboardingView.swift in Sources */,
				37BAD1752C25DB7F00023B40 /* SwipingViewAction.swift in Sources */,
				AA91805B2C03BB1A00B3D5A0 /* ProfileView.swift in Sources */,
				AA35932A2BF35CCB0043B663 /* LabelCollectionViewCell.swift in Sources */,
				AAF116992C0119A1002B1312 /* Coordinator.swift in Sources */,
				AA1858442C0C7F3E006F84E4 /* InputView.swift in Sources */,
				AA9180572C03539D00B3D5A0 /* EventEmittier.swift in Sources */,
				AA7CF9A62BF3ACB9001B2E1B /* ImageCollectionViewCell.swift in Sources */,
				AAF116A92C01DFDA002B1312 /* CustomNavigationController.swift in Sources */,
				AAF1169D2C011C39002B1312 /* MainTabBarCoordinator.swift in Sources */,
				37902C1D2C1B63B60017309E /* FirebaseAuthManager.swift in Sources */,
				37BAD1872C25ECA100023B40 /* ServiceRegistration.swift in Sources */,
				AA9556682BDBC46200E8FE28 /* Course_AppApp.swift in Sources */,
				AA4F36FD2BF25261006A6D2F /* HomeViewController.swift in Sources */,
				AA1858462C0C7FB7006F84E4 /* LoginView.swift in Sources */,
				37902C2D2C1B65B30017309E /* HTTPMethod.swift in Sources */,
				37902C2F2C1B77CA0017309E /* HomeViewStore.swift in Sources */,
				37902C2B2C1B65990017309E /* NetworkingError.swift in Sources */,
				AA2C98562BFBED8900B28911 /* ScratchView.swift in Sources */,
				AA82E1502BFCD6C900B0A1C3 /* MainTabBarController.swift in Sources */,
			);
			runOnlyForDeploymentPostprocessing = 0;
		};
/* End PBXSourcesBuildPhase section */

/* Begin PBXTargetDependency section */
		AA42FA172BED1CE20001BCE9 /* PBXTargetDependency */ = {
			isa = PBXTargetDependency;
			target = AA9556632BDBC46200E8FE28 /* Course App */;
			targetProxy = AA42FA162BED1CE20001BCE9 /* PBXContainerItemProxy */;
		};
		AA42FA242BED1D110001BCE9 /* PBXTargetDependency */ = {
			isa = PBXTargetDependency;
			target = AA9556632BDBC46200E8FE28 /* Course App */;
			targetProxy = AA42FA232BED1D110001BCE9 /* PBXContainerItemProxy */;
		};
/* End PBXTargetDependency section */

/* Begin XCBuildConfiguration section */
		AA42FA192BED1CE20001BCE9 /* Development - Debug */ = {
			isa = XCBuildConfiguration;
			buildSettings = {
				CODE_SIGN_STYLE = Automatic;
				CURRENT_PROJECT_VERSION = 1;
				DEVELOPMENT_TEAM = 2MK43D3KDT;
				GENERATE_INFOPLIST_FILE = YES;
				MARKETING_VERSION = 1.0;
				PRODUCT_BUNDLE_IDENTIFIER = "marusak.christian.Course-AppUITests";
				PRODUCT_NAME = "$(TARGET_NAME)";
				SWIFT_EMIT_LOC_STRINGS = NO;
				SWIFT_VERSION = 5.0;
				TARGETED_DEVICE_FAMILY = "1,2";
				TEST_TARGET_NAME = "Course App";
			};
			name = "Development - Debug";
		};
		AA42FA1A2BED1CE20001BCE9 /* Development - Release */ = {
			isa = XCBuildConfiguration;
			buildSettings = {
				CODE_SIGN_STYLE = Automatic;
				CURRENT_PROJECT_VERSION = 1;
				DEVELOPMENT_TEAM = 2MK43D3KDT;
				GENERATE_INFOPLIST_FILE = YES;
				MARKETING_VERSION = 1.0;
				PRODUCT_BUNDLE_IDENTIFIER = "marusak.christian.Course-AppUITests";
				PRODUCT_NAME = "$(TARGET_NAME)";
				SWIFT_EMIT_LOC_STRINGS = NO;
				SWIFT_VERSION = 5.0;
				TARGETED_DEVICE_FAMILY = "1,2";
				TEST_TARGET_NAME = "Course App";
			};
			name = "Development - Release";
		};
		AA42FA262BED1D110001BCE9 /* Development - Debug */ = {
			isa = XCBuildConfiguration;
			buildSettings = {
				CODE_SIGN_STYLE = Automatic;
				CURRENT_PROJECT_VERSION = 1;
				DEVELOPMENT_TEAM = 2MK43D3KDT;
				GENERATE_INFOPLIST_FILE = YES;
				MARKETING_VERSION = 1.0;
				PRODUCT_BUNDLE_IDENTIFIER = "marusak.christian.Course-Tests";
				PRODUCT_NAME = "$(TARGET_NAME)";
				SWIFT_EMIT_LOC_STRINGS = NO;
				SWIFT_VERSION = 5.0;
				TARGETED_DEVICE_FAMILY = "1,2";
				TEST_HOST = "$(BUILT_PRODUCTS_DIR)/App Course Dev.app/$(BUNDLE_EXECUTABLE_FOLDER_PATH)/App Course Dev";
			};
			name = "Development - Debug";
		};
		AA42FA272BED1D110001BCE9 /* Development - Release */ = {
			isa = XCBuildConfiguration;
			buildSettings = {
				CODE_SIGN_STYLE = Automatic;
				CURRENT_PROJECT_VERSION = 1;
				DEVELOPMENT_TEAM = 2MK43D3KDT;
				GENERATE_INFOPLIST_FILE = YES;
				MARKETING_VERSION = 1.0;
				PRODUCT_BUNDLE_IDENTIFIER = "marusak.christian.Course-Tests";
				PRODUCT_NAME = "$(TARGET_NAME)";
				SWIFT_EMIT_LOC_STRINGS = NO;
				SWIFT_VERSION = 5.0;
				TARGETED_DEVICE_FAMILY = "1,2";
				TEST_HOST = "$(BUILT_PRODUCTS_DIR)/App Course Dev.app/$(BUNDLE_EXECUTABLE_FOLDER_PATH)/App Course Dev";
			};
			name = "Development - Release";
		};
		AA9556702BDBC46200E8FE28 /* Development - Debug */ = {
			isa = XCBuildConfiguration;
			baseConfigurationReference = AA42FA282BED1D5C0001BCE9 /* Development.xcconfig */;
			buildSettings = {
				ALWAYS_SEARCH_USER_PATHS = NO;
				ASSETCATALOG_COMPILER_GENERATE_SWIFT_ASSET_SYMBOL_EXTENSIONS = YES;
				CLANG_ANALYZER_NONNULL = YES;
				CLANG_ANALYZER_NUMBER_OBJECT_CONVERSION = YES_AGGRESSIVE;
				CLANG_CXX_LANGUAGE_STANDARD = "gnu++20";
				CLANG_ENABLE_MODULES = YES;
				CLANG_ENABLE_OBJC_ARC = YES;
				CLANG_ENABLE_OBJC_WEAK = YES;
				CLANG_WARN_BLOCK_CAPTURE_AUTORELEASING = YES;
				CLANG_WARN_BOOL_CONVERSION = YES;
				CLANG_WARN_COMMA = YES;
				CLANG_WARN_CONSTANT_CONVERSION = YES;
				CLANG_WARN_DEPRECATED_OBJC_IMPLEMENTATIONS = YES;
				CLANG_WARN_DIRECT_OBJC_ISA_USAGE = YES_ERROR;
				CLANG_WARN_DOCUMENTATION_COMMENTS = YES;
				CLANG_WARN_EMPTY_BODY = YES;
				CLANG_WARN_ENUM_CONVERSION = YES;
				CLANG_WARN_INFINITE_RECURSION = YES;
				CLANG_WARN_INT_CONVERSION = YES;
				CLANG_WARN_NON_LITERAL_NULL_CONVERSION = YES;
				CLANG_WARN_OBJC_IMPLICIT_RETAIN_SELF = YES;
				CLANG_WARN_OBJC_LITERAL_CONVERSION = YES;
				CLANG_WARN_OBJC_ROOT_CLASS = YES_ERROR;
				CLANG_WARN_QUOTED_INCLUDE_IN_FRAMEWORK_HEADER = YES;
				CLANG_WARN_RANGE_LOOP_ANALYSIS = YES;
				CLANG_WARN_STRICT_PROTOTYPES = YES;
				CLANG_WARN_SUSPICIOUS_MOVE = YES;
				CLANG_WARN_UNGUARDED_AVAILABILITY = YES_AGGRESSIVE;
				CLANG_WARN_UNREACHABLE_CODE = YES;
				CLANG_WARN__DUPLICATE_METHOD_MATCH = YES;
				COPY_PHASE_STRIP = NO;
				DEBUG_INFORMATION_FORMAT = dwarf;
				ENABLE_STRICT_OBJC_MSGSEND = YES;
				ENABLE_TESTABILITY = YES;
				ENABLE_USER_SCRIPT_SANDBOXING = YES;
				GCC_C_LANGUAGE_STANDARD = gnu17;
				GCC_DYNAMIC_NO_PIC = NO;
				GCC_NO_COMMON_BLOCKS = YES;
				GCC_OPTIMIZATION_LEVEL = 0;
				GCC_PREPROCESSOR_DEFINITIONS = (
					"DEBUG=1",
					"$(inherited)",
				);
				GCC_WARN_64_TO_32_BIT_CONVERSION = YES;
				GCC_WARN_ABOUT_RETURN_TYPE = YES_ERROR;
				GCC_WARN_UNDECLARED_SELECTOR = YES;
				GCC_WARN_UNINITIALIZED_AUTOS = YES_AGGRESSIVE;
				GCC_WARN_UNUSED_FUNCTION = YES;
				GCC_WARN_UNUSED_VARIABLE = YES;
				IPHONEOS_DEPLOYMENT_TARGET = 17.4;
				LOCALIZATION_PREFERS_STRING_CATALOGS = YES;
				MTL_ENABLE_DEBUG_INFO = INCLUDE_SOURCE;
				MTL_FAST_MATH = YES;
				ONLY_ACTIVE_ARCH = YES;
				SDKROOT = iphoneos;
				SWIFT_ACTIVE_COMPILATION_CONDITIONS = "DEBUG $(inherited)";
				SWIFT_OPTIMIZATION_LEVEL = "-Onone";
			};
			name = "Development - Debug";
		};
		AA9556712BDBC46200E8FE28 /* Development - Release */ = {
			isa = XCBuildConfiguration;
			baseConfigurationReference = AA42FA282BED1D5C0001BCE9 /* Development.xcconfig */;
			buildSettings = {
				ALWAYS_SEARCH_USER_PATHS = NO;
				ASSETCATALOG_COMPILER_GENERATE_SWIFT_ASSET_SYMBOL_EXTENSIONS = YES;
				CLANG_ANALYZER_NONNULL = YES;
				CLANG_ANALYZER_NUMBER_OBJECT_CONVERSION = YES_AGGRESSIVE;
				CLANG_CXX_LANGUAGE_STANDARD = "gnu++20";
				CLANG_ENABLE_MODULES = YES;
				CLANG_ENABLE_OBJC_ARC = YES;
				CLANG_ENABLE_OBJC_WEAK = YES;
				CLANG_WARN_BLOCK_CAPTURE_AUTORELEASING = YES;
				CLANG_WARN_BOOL_CONVERSION = YES;
				CLANG_WARN_COMMA = YES;
				CLANG_WARN_CONSTANT_CONVERSION = YES;
				CLANG_WARN_DEPRECATED_OBJC_IMPLEMENTATIONS = YES;
				CLANG_WARN_DIRECT_OBJC_ISA_USAGE = YES_ERROR;
				CLANG_WARN_DOCUMENTATION_COMMENTS = YES;
				CLANG_WARN_EMPTY_BODY = YES;
				CLANG_WARN_ENUM_CONVERSION = YES;
				CLANG_WARN_INFINITE_RECURSION = YES;
				CLANG_WARN_INT_CONVERSION = YES;
				CLANG_WARN_NON_LITERAL_NULL_CONVERSION = YES;
				CLANG_WARN_OBJC_IMPLICIT_RETAIN_SELF = YES;
				CLANG_WARN_OBJC_LITERAL_CONVERSION = YES;
				CLANG_WARN_OBJC_ROOT_CLASS = YES_ERROR;
				CLANG_WARN_QUOTED_INCLUDE_IN_FRAMEWORK_HEADER = YES;
				CLANG_WARN_RANGE_LOOP_ANALYSIS = YES;
				CLANG_WARN_STRICT_PROTOTYPES = YES;
				CLANG_WARN_SUSPICIOUS_MOVE = YES;
				CLANG_WARN_UNGUARDED_AVAILABILITY = YES_AGGRESSIVE;
				CLANG_WARN_UNREACHABLE_CODE = YES;
				CLANG_WARN__DUPLICATE_METHOD_MATCH = YES;
				COPY_PHASE_STRIP = NO;
				DEBUG_INFORMATION_FORMAT = "dwarf-with-dsym";
				ENABLE_NS_ASSERTIONS = NO;
				ENABLE_STRICT_OBJC_MSGSEND = YES;
				ENABLE_TESTABILITY = YES;
				ENABLE_USER_SCRIPT_SANDBOXING = YES;
				GCC_C_LANGUAGE_STANDARD = gnu17;
				GCC_NO_COMMON_BLOCKS = YES;
				GCC_WARN_64_TO_32_BIT_CONVERSION = YES;
				GCC_WARN_ABOUT_RETURN_TYPE = YES_ERROR;
				GCC_WARN_UNDECLARED_SELECTOR = YES;
				GCC_WARN_UNINITIALIZED_AUTOS = YES_AGGRESSIVE;
				GCC_WARN_UNUSED_FUNCTION = YES;
				GCC_WARN_UNUSED_VARIABLE = YES;
				IPHONEOS_DEPLOYMENT_TARGET = 17.4;
				LOCALIZATION_PREFERS_STRING_CATALOGS = YES;
				MTL_ENABLE_DEBUG_INFO = NO;
				MTL_FAST_MATH = YES;
				ONLY_ACTIVE_ARCH = YES;
				SDKROOT = iphoneos;
				SWIFT_COMPILATION_MODE = wholemodule;
				VALIDATE_PRODUCT = YES;
			};
			name = "Development - Release";
		};
		AA9556732BDBC46200E8FE28 /* Development - Debug */ = {
			isa = XCBuildConfiguration;
			buildSettings = {
				ASSETCATALOG_COMPILER_APPICON_NAME = AppIcon;
				ASSETCATALOG_COMPILER_GLOBAL_ACCENT_COLOR_NAME = AccentColor;
				CODE_SIGN_STYLE = Automatic;
				CURRENT_PROJECT_VERSION = 1;
				DEVELOPMENT_ASSET_PATHS = "\"Course App/Preview Content\"";
				DEVELOPMENT_TEAM = 2MK43D3KDT;
				ENABLE_PREVIEWS = YES;
				GENERATE_INFOPLIST_FILE = YES;
				INFOPLIST_FILE = "Course-App-Info.plist";
				INFOPLIST_KEY_UIApplicationSceneManifest_Generation = YES;
				INFOPLIST_KEY_UIApplicationSupportsIndirectInputEvents = YES;
				INFOPLIST_KEY_UILaunchScreen_Generation = YES;
				INFOPLIST_KEY_UISupportedInterfaceOrientations_iPad = "UIInterfaceOrientationPortrait UIInterfaceOrientationPortraitUpsideDown UIInterfaceOrientationLandscapeLeft UIInterfaceOrientationLandscapeRight";
				INFOPLIST_KEY_UISupportedInterfaceOrientations_iPhone = "UIInterfaceOrientationPortrait UIInterfaceOrientationLandscapeLeft UIInterfaceOrientationLandscapeRight";
				LD_RUNPATH_SEARCH_PATHS = (
					"$(inherited)",
					"@executable_path/Frameworks",
				);
				MARKETING_VERSION = 1.0;
				PRODUCT_BUNDLE_IDENTIFIER = "$(APP_BUNDLE_IDENTIFIER)";
				PRODUCT_NAME = "$(APP_BUNDLE_NAME)";
				SWIFT_EMIT_LOC_STRINGS = YES;
				SWIFT_VERSION = 5.0;
				TARGETED_DEVICE_FAMILY = "1,2";
			};
			name = "Development - Debug";
		};
		AA9556742BDBC46200E8FE28 /* Development - Release */ = {
			isa = XCBuildConfiguration;
			buildSettings = {
				ASSETCATALOG_COMPILER_APPICON_NAME = AppIcon;
				ASSETCATALOG_COMPILER_GLOBAL_ACCENT_COLOR_NAME = AccentColor;
				CODE_SIGN_STYLE = Automatic;
				CURRENT_PROJECT_VERSION = 1;
				DEVELOPMENT_ASSET_PATHS = "\"Course App/Preview Content\"";
				DEVELOPMENT_TEAM = 2MK43D3KDT;
				ENABLE_PREVIEWS = YES;
				GENERATE_INFOPLIST_FILE = YES;
				INFOPLIST_FILE = "Course-App-Info.plist";
				INFOPLIST_KEY_UIApplicationSceneManifest_Generation = YES;
				INFOPLIST_KEY_UIApplicationSupportsIndirectInputEvents = YES;
				INFOPLIST_KEY_UILaunchScreen_Generation = YES;
				INFOPLIST_KEY_UISupportedInterfaceOrientations_iPad = "UIInterfaceOrientationPortrait UIInterfaceOrientationPortraitUpsideDown UIInterfaceOrientationLandscapeLeft UIInterfaceOrientationLandscapeRight";
				INFOPLIST_KEY_UISupportedInterfaceOrientations_iPhone = "UIInterfaceOrientationPortrait UIInterfaceOrientationLandscapeLeft UIInterfaceOrientationLandscapeRight";
				LD_RUNPATH_SEARCH_PATHS = (
					"$(inherited)",
					"@executable_path/Frameworks",
				);
				MARKETING_VERSION = 1.0;
				PRODUCT_BUNDLE_IDENTIFIER = "$(APP_BUNDLE_IDENTIFIER)";
				PRODUCT_NAME = "$(APP_BUNDLE_NAME)";
				SWIFT_EMIT_LOC_STRINGS = YES;
				SWIFT_VERSION = 5.0;
				TARGETED_DEVICE_FAMILY = "1,2";
			};
			name = "Development - Release";
		};
		AAC0BB3C2BED690B0000F0F0 /* Production - Debug */ = {
			isa = XCBuildConfiguration;
			baseConfigurationReference = AA42FA292BED1E5F0001BCE9 /* Production.xcconfig */;
			buildSettings = {
				ALWAYS_SEARCH_USER_PATHS = NO;
				ASSETCATALOG_COMPILER_GENERATE_SWIFT_ASSET_SYMBOL_EXTENSIONS = YES;
				CLANG_ANALYZER_NONNULL = YES;
				CLANG_ANALYZER_NUMBER_OBJECT_CONVERSION = YES_AGGRESSIVE;
				CLANG_CXX_LANGUAGE_STANDARD = "gnu++20";
				CLANG_ENABLE_MODULES = YES;
				CLANG_ENABLE_OBJC_ARC = YES;
				CLANG_ENABLE_OBJC_WEAK = YES;
				CLANG_WARN_BLOCK_CAPTURE_AUTORELEASING = YES;
				CLANG_WARN_BOOL_CONVERSION = YES;
				CLANG_WARN_COMMA = YES;
				CLANG_WARN_CONSTANT_CONVERSION = YES;
				CLANG_WARN_DEPRECATED_OBJC_IMPLEMENTATIONS = YES;
				CLANG_WARN_DIRECT_OBJC_ISA_USAGE = YES_ERROR;
				CLANG_WARN_DOCUMENTATION_COMMENTS = YES;
				CLANG_WARN_EMPTY_BODY = YES;
				CLANG_WARN_ENUM_CONVERSION = YES;
				CLANG_WARN_INFINITE_RECURSION = YES;
				CLANG_WARN_INT_CONVERSION = YES;
				CLANG_WARN_NON_LITERAL_NULL_CONVERSION = YES;
				CLANG_WARN_OBJC_IMPLICIT_RETAIN_SELF = YES;
				CLANG_WARN_OBJC_LITERAL_CONVERSION = YES;
				CLANG_WARN_OBJC_ROOT_CLASS = YES_ERROR;
				CLANG_WARN_QUOTED_INCLUDE_IN_FRAMEWORK_HEADER = YES;
				CLANG_WARN_RANGE_LOOP_ANALYSIS = YES;
				CLANG_WARN_STRICT_PROTOTYPES = YES;
				CLANG_WARN_SUSPICIOUS_MOVE = YES;
				CLANG_WARN_UNGUARDED_AVAILABILITY = YES_AGGRESSIVE;
				CLANG_WARN_UNREACHABLE_CODE = YES;
				CLANG_WARN__DUPLICATE_METHOD_MATCH = YES;
				COPY_PHASE_STRIP = NO;
				DEBUG_INFORMATION_FORMAT = dwarf;
				ENABLE_STRICT_OBJC_MSGSEND = YES;
				ENABLE_TESTABILITY = YES;
				ENABLE_USER_SCRIPT_SANDBOXING = YES;
				GCC_C_LANGUAGE_STANDARD = gnu17;
				GCC_DYNAMIC_NO_PIC = NO;
				GCC_NO_COMMON_BLOCKS = YES;
				GCC_OPTIMIZATION_LEVEL = 0;
				GCC_PREPROCESSOR_DEFINITIONS = (
					"DEBUG=1",
					"$(inherited)",
				);
				GCC_WARN_64_TO_32_BIT_CONVERSION = YES;
				GCC_WARN_ABOUT_RETURN_TYPE = YES_ERROR;
				GCC_WARN_UNDECLARED_SELECTOR = YES;
				GCC_WARN_UNINITIALIZED_AUTOS = YES_AGGRESSIVE;
				GCC_WARN_UNUSED_FUNCTION = YES;
				GCC_WARN_UNUSED_VARIABLE = YES;
				IPHONEOS_DEPLOYMENT_TARGET = 17.4;
				LOCALIZATION_PREFERS_STRING_CATALOGS = YES;
				MTL_ENABLE_DEBUG_INFO = INCLUDE_SOURCE;
				MTL_FAST_MATH = YES;
				ONLY_ACTIVE_ARCH = YES;
				SDKROOT = iphoneos;
				SWIFT_ACTIVE_COMPILATION_CONDITIONS = "DEBUG $(inherited)";
				SWIFT_OPTIMIZATION_LEVEL = "-Onone";
			};
			name = "Production - Debug";
		};
		AAC0BB3D2BED690B0000F0F0 /* Production - Debug */ = {
			isa = XCBuildConfiguration;
			buildSettings = {
				ASSETCATALOG_COMPILER_APPICON_NAME = AppIcon;
				ASSETCATALOG_COMPILER_GLOBAL_ACCENT_COLOR_NAME = AccentColor;
				CODE_SIGN_STYLE = Automatic;
				CURRENT_PROJECT_VERSION = 1;
				DEVELOPMENT_ASSET_PATHS = "\"Course App/Preview Content\"";
				DEVELOPMENT_TEAM = 2MK43D3KDT;
				ENABLE_PREVIEWS = YES;
				GENERATE_INFOPLIST_FILE = YES;
				INFOPLIST_FILE = "Course-App-Info.plist";
				INFOPLIST_KEY_UIApplicationSceneManifest_Generation = YES;
				INFOPLIST_KEY_UIApplicationSupportsIndirectInputEvents = YES;
				INFOPLIST_KEY_UILaunchScreen_Generation = YES;
				INFOPLIST_KEY_UISupportedInterfaceOrientations_iPad = "UIInterfaceOrientationPortrait UIInterfaceOrientationPortraitUpsideDown UIInterfaceOrientationLandscapeLeft UIInterfaceOrientationLandscapeRight";
				INFOPLIST_KEY_UISupportedInterfaceOrientations_iPhone = "UIInterfaceOrientationPortrait UIInterfaceOrientationLandscapeLeft UIInterfaceOrientationLandscapeRight";
				LD_RUNPATH_SEARCH_PATHS = (
					"$(inherited)",
					"@executable_path/Frameworks",
				);
				MARKETING_VERSION = 1.0;
				PRODUCT_BUNDLE_IDENTIFIER = "$(APP_BUNDLE_IDENTIFIER)";
				PRODUCT_NAME = "$(APP_BUNDLE_NAME)";
				SWIFT_EMIT_LOC_STRINGS = YES;
				SWIFT_VERSION = 5.0;
				TARGETED_DEVICE_FAMILY = "1,2";
			};
			name = "Production - Debug";
		};
		AAC0BB3E2BED690B0000F0F0 /* Production - Debug */ = {
			isa = XCBuildConfiguration;
			buildSettings = {
				CODE_SIGN_STYLE = Automatic;
				CURRENT_PROJECT_VERSION = 1;
				DEVELOPMENT_TEAM = 2MK43D3KDT;
				GENERATE_INFOPLIST_FILE = YES;
				MARKETING_VERSION = 1.0;
				PRODUCT_BUNDLE_IDENTIFIER = "marusak.christian.Course-AppUITests";
				PRODUCT_NAME = "$(TARGET_NAME)";
				SWIFT_EMIT_LOC_STRINGS = NO;
				SWIFT_VERSION = 5.0;
				TARGETED_DEVICE_FAMILY = "1,2";
				TEST_TARGET_NAME = "Course App";
			};
			name = "Production - Debug";
		};
		AAC0BB3F2BED690B0000F0F0 /* Production - Debug */ = {
			isa = XCBuildConfiguration;
			buildSettings = {
				CODE_SIGN_STYLE = Automatic;
				CURRENT_PROJECT_VERSION = 1;
				DEVELOPMENT_TEAM = 2MK43D3KDT;
				GENERATE_INFOPLIST_FILE = YES;
				MARKETING_VERSION = 1.0;
				PRODUCT_BUNDLE_IDENTIFIER = "marusak.christian.Course-Tests";
				PRODUCT_NAME = "$(TARGET_NAME)";
				SWIFT_EMIT_LOC_STRINGS = NO;
				SWIFT_VERSION = 5.0;
				TARGETED_DEVICE_FAMILY = "1,2";
				TEST_HOST = "$(BUILT_PRODUCTS_DIR)/App Course Dev.app/$(BUNDLE_EXECUTABLE_FOLDER_PATH)/App Course Dev";
			};
			name = "Production - Debug";
		};
		AAC0BB402BED695A0000F0F0 /* Production - Release */ = {
			isa = XCBuildConfiguration;
			baseConfigurationReference = AA42FA292BED1E5F0001BCE9 /* Production.xcconfig */;
			buildSettings = {
				ALWAYS_SEARCH_USER_PATHS = NO;
				ASSETCATALOG_COMPILER_GENERATE_SWIFT_ASSET_SYMBOL_EXTENSIONS = YES;
				CLANG_ANALYZER_NONNULL = YES;
				CLANG_ANALYZER_NUMBER_OBJECT_CONVERSION = YES_AGGRESSIVE;
				CLANG_CXX_LANGUAGE_STANDARD = "gnu++20";
				CLANG_ENABLE_MODULES = YES;
				CLANG_ENABLE_OBJC_ARC = YES;
				CLANG_ENABLE_OBJC_WEAK = YES;
				CLANG_WARN_BLOCK_CAPTURE_AUTORELEASING = YES;
				CLANG_WARN_BOOL_CONVERSION = YES;
				CLANG_WARN_COMMA = YES;
				CLANG_WARN_CONSTANT_CONVERSION = YES;
				CLANG_WARN_DEPRECATED_OBJC_IMPLEMENTATIONS = YES;
				CLANG_WARN_DIRECT_OBJC_ISA_USAGE = YES_ERROR;
				CLANG_WARN_DOCUMENTATION_COMMENTS = YES;
				CLANG_WARN_EMPTY_BODY = YES;
				CLANG_WARN_ENUM_CONVERSION = YES;
				CLANG_WARN_INFINITE_RECURSION = YES;
				CLANG_WARN_INT_CONVERSION = YES;
				CLANG_WARN_NON_LITERAL_NULL_CONVERSION = YES;
				CLANG_WARN_OBJC_IMPLICIT_RETAIN_SELF = YES;
				CLANG_WARN_OBJC_LITERAL_CONVERSION = YES;
				CLANG_WARN_OBJC_ROOT_CLASS = YES_ERROR;
				CLANG_WARN_QUOTED_INCLUDE_IN_FRAMEWORK_HEADER = YES;
				CLANG_WARN_RANGE_LOOP_ANALYSIS = YES;
				CLANG_WARN_STRICT_PROTOTYPES = YES;
				CLANG_WARN_SUSPICIOUS_MOVE = YES;
				CLANG_WARN_UNGUARDED_AVAILABILITY = YES_AGGRESSIVE;
				CLANG_WARN_UNREACHABLE_CODE = YES;
				CLANG_WARN__DUPLICATE_METHOD_MATCH = YES;
				COPY_PHASE_STRIP = NO;
				DEBUG_INFORMATION_FORMAT = "dwarf-with-dsym";
				ENABLE_NS_ASSERTIONS = NO;
				ENABLE_STRICT_OBJC_MSGSEND = YES;
				ENABLE_USER_SCRIPT_SANDBOXING = YES;
				GCC_C_LANGUAGE_STANDARD = gnu17;
				GCC_NO_COMMON_BLOCKS = YES;
				GCC_WARN_64_TO_32_BIT_CONVERSION = YES;
				GCC_WARN_ABOUT_RETURN_TYPE = YES_ERROR;
				GCC_WARN_UNDECLARED_SELECTOR = YES;
				GCC_WARN_UNINITIALIZED_AUTOS = YES_AGGRESSIVE;
				GCC_WARN_UNUSED_FUNCTION = YES;
				GCC_WARN_UNUSED_VARIABLE = YES;
				IPHONEOS_DEPLOYMENT_TARGET = 17.4;
				LOCALIZATION_PREFERS_STRING_CATALOGS = YES;
				MTL_ENABLE_DEBUG_INFO = NO;
				MTL_FAST_MATH = YES;
				SDKROOT = iphoneos;
				SWIFT_COMPILATION_MODE = wholemodule;
				VALIDATE_PRODUCT = YES;
			};
			name = "Production - Release";
		};
		AAC0BB412BED695A0000F0F0 /* Production - Release */ = {
			isa = XCBuildConfiguration;
			buildSettings = {
				ASSETCATALOG_COMPILER_APPICON_NAME = AppIcon;
				ASSETCATALOG_COMPILER_GLOBAL_ACCENT_COLOR_NAME = AccentColor;
				CODE_SIGN_STYLE = Automatic;
				CURRENT_PROJECT_VERSION = 1;
				DEVELOPMENT_ASSET_PATHS = "\"Course App/Preview Content\"";
				DEVELOPMENT_TEAM = 2MK43D3KDT;
				ENABLE_PREVIEWS = YES;
				GENERATE_INFOPLIST_FILE = YES;
				INFOPLIST_FILE = "Course-App-Info.plist";
				INFOPLIST_KEY_UIApplicationSceneManifest_Generation = YES;
				INFOPLIST_KEY_UIApplicationSupportsIndirectInputEvents = YES;
				INFOPLIST_KEY_UILaunchScreen_Generation = YES;
				INFOPLIST_KEY_UISupportedInterfaceOrientations_iPad = "UIInterfaceOrientationPortrait UIInterfaceOrientationPortraitUpsideDown UIInterfaceOrientationLandscapeLeft UIInterfaceOrientationLandscapeRight";
				INFOPLIST_KEY_UISupportedInterfaceOrientations_iPhone = "UIInterfaceOrientationPortrait UIInterfaceOrientationLandscapeLeft UIInterfaceOrientationLandscapeRight";
				LD_RUNPATH_SEARCH_PATHS = (
					"$(inherited)",
					"@executable_path/Frameworks",
				);
				MARKETING_VERSION = 1.0;
				PRODUCT_BUNDLE_IDENTIFIER = "$(APP_BUNDLE_IDENTIFIER)";
				PRODUCT_NAME = "$(APP_BUNDLE_NAME)";
				SWIFT_EMIT_LOC_STRINGS = YES;
				SWIFT_VERSION = 5.0;
				TARGETED_DEVICE_FAMILY = "1,2";
			};
			name = "Production - Release";
		};
		AAC0BB422BED695A0000F0F0 /* Production - Release */ = {
			isa = XCBuildConfiguration;
			buildSettings = {
				CODE_SIGN_STYLE = Automatic;
				CURRENT_PROJECT_VERSION = 1;
				DEVELOPMENT_TEAM = 2MK43D3KDT;
				GENERATE_INFOPLIST_FILE = YES;
				MARKETING_VERSION = 1.0;
				PRODUCT_BUNDLE_IDENTIFIER = "marusak.christian.Course-AppUITests";
				PRODUCT_NAME = "$(TARGET_NAME)";
				SWIFT_EMIT_LOC_STRINGS = NO;
				SWIFT_VERSION = 5.0;
				TARGETED_DEVICE_FAMILY = "1,2";
				TEST_TARGET_NAME = "Course App";
			};
			name = "Production - Release";
		};
		AAC0BB432BED695A0000F0F0 /* Production - Release */ = {
			isa = XCBuildConfiguration;
			buildSettings = {
				CODE_SIGN_STYLE = Automatic;
				CURRENT_PROJECT_VERSION = 1;
				DEVELOPMENT_TEAM = 2MK43D3KDT;
				GENERATE_INFOPLIST_FILE = YES;
				MARKETING_VERSION = 1.0;
				PRODUCT_BUNDLE_IDENTIFIER = "marusak.christian.Course-Tests";
				PRODUCT_NAME = "$(TARGET_NAME)";
				SWIFT_EMIT_LOC_STRINGS = NO;
				SWIFT_VERSION = 5.0;
				TARGETED_DEVICE_FAMILY = "1,2";
				TEST_HOST = "$(BUILT_PRODUCTS_DIR)/App Course Dev.app/$(BUNDLE_EXECUTABLE_FOLDER_PATH)/App Course Dev";
			};
			name = "Production - Release";
		};
/* End XCBuildConfiguration section */

/* Begin XCConfigurationList section */
		AA42FA182BED1CE20001BCE9 /* Build configuration list for PBXNativeTarget "Course AppUITests" */ = {
			isa = XCConfigurationList;
			buildConfigurations = (
				AA42FA192BED1CE20001BCE9 /* Development - Debug */,
				AAC0BB3E2BED690B0000F0F0 /* Production - Debug */,
				AA42FA1A2BED1CE20001BCE9 /* Development - Release */,
				AAC0BB422BED695A0000F0F0 /* Production - Release */,
			);
			defaultConfigurationIsVisible = 0;
			defaultConfigurationName = "Development - Release";
		};
		AA42FA252BED1D110001BCE9 /* Build configuration list for PBXNativeTarget "Course Tests" */ = {
			isa = XCConfigurationList;
			buildConfigurations = (
				AA42FA262BED1D110001BCE9 /* Development - Debug */,
				AAC0BB3F2BED690B0000F0F0 /* Production - Debug */,
				AA42FA272BED1D110001BCE9 /* Development - Release */,
				AAC0BB432BED695A0000F0F0 /* Production - Release */,
			);
			defaultConfigurationIsVisible = 0;
			defaultConfigurationName = "Development - Release";
		};
		AA95565F2BDBC46200E8FE28 /* Build configuration list for PBXProject "Course App" */ = {
			isa = XCConfigurationList;
			buildConfigurations = (
				AA9556702BDBC46200E8FE28 /* Development - Debug */,
				AAC0BB3C2BED690B0000F0F0 /* Production - Debug */,
				AA9556712BDBC46200E8FE28 /* Development - Release */,
				AAC0BB402BED695A0000F0F0 /* Production - Release */,
			);
			defaultConfigurationIsVisible = 0;
			defaultConfigurationName = "Development - Release";
		};
		AA9556722BDBC46200E8FE28 /* Build configuration list for PBXNativeTarget "Course App" */ = {
			isa = XCConfigurationList;
			buildConfigurations = (
				AA9556732BDBC46200E8FE28 /* Development - Debug */,
				AAC0BB3D2BED690B0000F0F0 /* Production - Debug */,
				AA9556742BDBC46200E8FE28 /* Development - Release */,
				AAC0BB412BED695A0000F0F0 /* Production - Release */,
			);
			defaultConfigurationIsVisible = 0;
			defaultConfigurationName = "Development - Release";
		};
/* End XCConfigurationList section */

/* Begin XCRemoteSwiftPackageReference section */
		37BAD18A2C26034700023B40 /* XCRemoteSwiftPackageReference "ios-dependency-injection" */ = {
			isa = XCRemoteSwiftPackageReference;
			repositoryURL = "https://github.com/strvcom/ios-dependency-injection";
			requirement = {
				kind = upToNextMajorVersion;
				minimumVersion = 1.0.3;
			};
		};
		37BAD18D2C2603A600023B40 /* XCRemoteSwiftPackageReference "KeychainAccess" */ = {
			isa = XCRemoteSwiftPackageReference;
			repositoryURL = "https://github.com/kishikawakatsumi/KeychainAccess";
			requirement = {
				branch = master;
				kind = branch;
			};
		};
		37BAD19C2C2607F900023B40 /* XCRemoteSwiftPackageReference "firebase-ios-sdk" */ = {
			isa = XCRemoteSwiftPackageReference;
			repositoryURL = "https://github.com/firebase/firebase-ios-sdk";
			requirement = {
				kind = upToNextMajorVersion;
				minimumVersion = 10.28.0;
			};
		};
/* End XCRemoteSwiftPackageReference section */

/* Begin XCSwiftPackageProductDependency section */
		37BAD18B2C26034700023B40 /* DependencyInjection */ = {
			isa = XCSwiftPackageProductDependency;
			package = 37BAD18A2C26034700023B40 /* XCRemoteSwiftPackageReference "ios-dependency-injection" */;
			productName = DependencyInjection;
		};
		37BAD1972C26061E00023B40 /* KeychainAccess */ = {
			isa = XCSwiftPackageProductDependency;
			package = 37BAD18D2C2603A600023B40 /* XCRemoteSwiftPackageReference "KeychainAccess" */;
			productName = KeychainAccess;
		};
		37BAD19D2C2607F900023B40 /* FirebaseAuth */ = {
			isa = XCSwiftPackageProductDependency;
			package = 37BAD19C2C2607F900023B40 /* XCRemoteSwiftPackageReference "firebase-ios-sdk" */;
			productName = FirebaseAuth;
		};
		37BAD19F2C2607F900023B40 /* FirebaseAuthCombine-Community */ = {
			isa = XCSwiftPackageProductDependency;
			package = 37BAD19C2C2607F900023B40 /* XCRemoteSwiftPackageReference "firebase-ios-sdk" */;
			productName = "FirebaseAuthCombine-Community";
		};
		37BAD1A12C2607F900023B40 /* FirebaseFirestore */ = {
			isa = XCSwiftPackageProductDependency;
			package = 37BAD19C2C2607F900023B40 /* XCRemoteSwiftPackageReference "firebase-ios-sdk" */;
			productName = FirebaseFirestore;
		};
		37BAD1A32C2607F900023B40 /* FirebaseFirestoreCombine-Community */ = {
			isa = XCSwiftPackageProductDependency;
			package = 37BAD19C2C2607F900023B40 /* XCRemoteSwiftPackageReference "firebase-ios-sdk" */;
			productName = "FirebaseFirestoreCombine-Community";
		};
		37BAD1A52C2607F900023B40 /* FirebaseFirestoreSwift */ = {
			isa = XCSwiftPackageProductDependency;
			package = 37BAD19C2C2607F900023B40 /* XCRemoteSwiftPackageReference "firebase-ios-sdk" */;
			productName = FirebaseFirestoreSwift;
		};
		AA7B65952C275B7400503A6B /* TestModule */ = {
			isa = XCSwiftPackageProductDependency;
			productName = TestModule;
		};
/* End XCSwiftPackageProductDependency section */
	};
	rootObject = AA95565C2BDBC46200E8FE28 /* Project object */;
}
